{
  "version": 4,
  "terraform_version": "1.5.7",
  "serial": 263,
  "lineage": "5b660510-846f-665a-0e34-eab576fab775",
  "outputs": {
    "cluster_ca_certificate": {
      "value": "LS0tLS1CRUdJTiBDRVJUSUZJQ0FURS0tLS0tCk1JSURCVENDQWUyZ0F3SUJBZ0lJQkQrVGlxU1cvK0l3RFFZSktvWklodmNOQVFFTEJRQXdGVEVUTUJFR0ExVUUKQXhNS2EzVmlaWEp1WlhSbGN6QWVGdzB5TlRBMU1UTXdPREV6TkRCYUZ3MHpOVEExTVRFd09ERTROREJhTUJVeApFekFSQmdOVkJBTVRDbXQxWW1WeWJtVjBaWE13Z2dFaU1BMEdDU3FHU0liM0RRRUJBUVVBQTRJQkR3QXdnZ0VLCkFvSUJBUUN4N0FBZ0tSdlY5RjhYeHJmVGQ1bFNHeU94TERWaklpaTQzNWRocFlOZFRXNWxjYXZaK0J0SHRqSEcKY3Y3eG5nYWRvLzRUWTViMmdOMXVibW5UVG1uZnpLNng3YXlZdWhEb2M5OTNzYnc1VHhENzFZVWdZb2xGUEhqOQoxUmU1Rzl2ZkxjQ0F2S0pENnVrckdrTTd6WUs5a0htTW1vWS9aaENWOUltUXY0VXVFQzVOZXJkWndDc2lpc3B2Ckd2ZjBpeTA2NGFjc09KUkRmVDF1TTBBVENBbSttckRuTjVXS3BPMkJBanBWaGJ6ckxJb3dXTndFZ21IVmp4UlUKajZlNVM1bFJYNjlCV1R4MzlnZHFKWlBBYW1jalVZR2gvQWxYZkdQeEZQNm96NVZpTGJwU2hjajlwR2RBc2JCbApPdE5jdHAvVGZheUhkYzM4ZWpjcFRIQ3d4ZnJQQWdNQkFBR2pXVEJYTUE0R0ExVWREd0VCL3dRRUF3SUNwREFQCkJnTlZIUk1CQWY4RUJUQURBUUgvTUIwR0ExVWREZ1FXQkJSWG05QlNkeTArVGcyampCWnpVQktyY3hpN1VqQVYKQmdOVkhSRUVEakFNZ2dwcmRXSmxjbTVsZEdWek1BMEdDU3FHU0liM0RRRUJDd1VBQTRJQkFRQks4VlZpN2VQNQpMRWJoSDBFUEtsZzNtWHJTWFpleHp5dUdTeGpVQTdqd2NOR0hXVUdwbm1uNzFCMzVvenJlZjJsTFRmejd1SExmCndNWG81N2I4NmEvakdLcHZUd2hzTUZQb2RwUU5pN3cvWm5GMXpBRlVHNHlaYXM2cXlFcEdvbjZNNlVzY3Q5QTIKSnhCNmtwOS9yNnJmMDVKdGFucnM1YWNjcW13UmVGOEFibWNvYllHSkx2NlgwaTFtN3NleUwweHRGTXRTUXJ1TwpWN29rRGZNVDdiNUc5aHpPVFl4UG5YbGNiWXZsUVpJbDQwTklFZis4c1RNaU9TdlE3N05BVzd6RG8raitoY3N0ClNpT21uM1VubnZ3ZVQ1dVN4K09yeFNxRnVoa3dmWkVvMEFEcGRkS001ektiMGZYV0ZqbDQ4Nis0RUtkams2RVAKUGxtVW9iM3NhWlVmCi0tLS0tRU5EIENFUlRJRklDQVRFLS0tLS0K",
      "type": "string"
    },
    "cluster_endpoint": {
      "value": "https://F03AF74AC8810F089ABCDA56FD00B8A4.yl4.ap-south-1.eks.amazonaws.com",
      "type": "string"
    },
    "cluster_name": {
      "value": "demo-eks-cluster",
      "type": "string"
    },
    "ec2_instance_id": {
      "value": "i-0307b98d61daa8232",
      "type": "string"
    },
    "ec2_public_ip": {
      "value": "13.233.77.52",
      "type": "string"
    },
    "kubeconfig": {
      "value": "\"apiVersion\": \"v1\"\n\"clusters\":\n- \"cluster\":\n    \"certificate-authority-data\": \"LS0tLS1CRUdJTiBDRVJUSUZJQ0FURS0tLS0tCk1JSURCVENDQWUyZ0F3SUJBZ0lJQkQrVGlxU1cvK0l3RFFZSktvWklodmNOQVFFTEJRQXdGVEVUTUJFR0ExVUUKQXhNS2EzVmlaWEp1WlhSbGN6QWVGdzB5TlRBMU1UTXdPREV6TkRCYUZ3MHpOVEExTVRFd09ERTROREJhTUJVeApFekFSQmdOVkJBTVRDbXQxWW1WeWJtVjBaWE13Z2dFaU1BMEdDU3FHU0liM0RRRUJBUVVBQTRJQkR3QXdnZ0VLCkFvSUJBUUN4N0FBZ0tSdlY5RjhYeHJmVGQ1bFNHeU94TERWaklpaTQzNWRocFlOZFRXNWxjYXZaK0J0SHRqSEcKY3Y3eG5nYWRvLzRUWTViMmdOMXVibW5UVG1uZnpLNng3YXlZdWhEb2M5OTNzYnc1VHhENzFZVWdZb2xGUEhqOQoxUmU1Rzl2ZkxjQ0F2S0pENnVrckdrTTd6WUs5a0htTW1vWS9aaENWOUltUXY0VXVFQzVOZXJkWndDc2lpc3B2Ckd2ZjBpeTA2NGFjc09KUkRmVDF1TTBBVENBbSttckRuTjVXS3BPMkJBanBWaGJ6ckxJb3dXTndFZ21IVmp4UlUKajZlNVM1bFJYNjlCV1R4MzlnZHFKWlBBYW1jalVZR2gvQWxYZkdQeEZQNm96NVZpTGJwU2hjajlwR2RBc2JCbApPdE5jdHAvVGZheUhkYzM4ZWpjcFRIQ3d4ZnJQQWdNQkFBR2pXVEJYTUE0R0ExVWREd0VCL3dRRUF3SUNwREFQCkJnTlZIUk1CQWY4RUJUQURBUUgvTUIwR0ExVWREZ1FXQkJSWG05QlNkeTArVGcyampCWnpVQktyY3hpN1VqQVYKQmdOVkhSRUVEakFNZ2dwcmRXSmxjbTVsZEdWek1BMEdDU3FHU0liM0RRRUJDd1VBQTRJQkFRQks4VlZpN2VQNQpMRWJoSDBFUEtsZzNtWHJTWFpleHp5dUdTeGpVQTdqd2NOR0hXVUdwbm1uNzFCMzVvenJlZjJsTFRmejd1SExmCndNWG81N2I4NmEvakdLcHZUd2hzTUZQb2RwUU5pN3cvWm5GMXpBRlVHNHlaYXM2cXlFcEdvbjZNNlVzY3Q5QTIKSnhCNmtwOS9yNnJmMDVKdGFucnM1YWNjcW13UmVGOEFibWNvYllHSkx2NlgwaTFtN3NleUwweHRGTXRTUXJ1TwpWN29rRGZNVDdiNUc5aHpPVFl4UG5YbGNiWXZsUVpJbDQwTklFZis4c1RNaU9TdlE3N05BVzd6RG8raitoY3N0ClNpT21uM1VubnZ3ZVQ1dVN4K09yeFNxRnVoa3dmWkVvMEFEcGRkS001ektiMGZYV0ZqbDQ4Nis0RUtkams2RVAKUGxtVW9iM3NhWlVmCi0tLS0tRU5EIENFUlRJRklDQVRFLS0tLS0K\"\n    \"server\": \"https://F03AF74AC8810F089ABCDA56FD00B8A4.yl4.ap-south-1.eks.amazonaws.com\"\n  \"name\": \"demo-eks-cluster\"\n\"contexts\":\n- \"context\":\n    \"cluster\": \"demo-eks-cluster\"\n    \"user\": \"aws\"\n  \"name\": \"demo-eks-cluster\"\n\"current-context\": \"demo-eks-cluster\"\n\"kind\": \"Config\"\n\"users\":\n- \"name\": \"aws\"\n  \"user\":\n    \"exec\":\n      \"apiVersion\": \"client.authentication.k8s.io/v1beta1\"\n      \"args\":\n      - \"eks\"\n      - \"get-token\"\n      - \"--region\"\n      - \"ap-south-1\"\n      - \"--cluster-name\"\n      - \"demo-eks-cluster\"\n      \"command\": \"aws\"\n",
      "type": "string"
    },
    "node_group_name": {
      "value": "demo-deployment",
      "type": "string"
    },
    "private_key_file_path": {
      "value": "./keys/jenkins-server-key.pem",
      "type": "string"
    }
  },
  "resources": [
    {
      "module": "module.eks_cluster.module.eks",
      "mode": "data",
      "type": "aws_caller_identity",
      "name": "current",
      "provider": "provider[\"registry.terraform.io/hashicorp/aws\"]",
      "instances": [
        {
          "schema_version": 0,
          "attributes": {
            "account_id": "440744256104",
            "arn": "arn:aws:iam::440744256104:root",
            "id": "440744256104",
            "user_id": "440744256104"
          },
          "sensitive_attributes": []
        }
      ]
    },
    {
      "module": "module.eks_cluster.module.eks",
      "mode": "data",
      "type": "aws_eks_addon_version",
      "name": "this",
      "provider": "provider[\"registry.terraform.io/hashicorp/aws\"]",
      "instances": [
        {
          "index_key": "aws-ebs-csi-driver",
          "schema_version": 0,
          "attributes": {
            "addon_name": "aws-ebs-csi-driver",
            "id": "aws-ebs-csi-driver",
            "kubernetes_version": "1.32",
            "most_recent": true,
            "version": "v1.43.0-eksbuild.1"
          },
          "sensitive_attributes": []
        },
        {
          "index_key": "coredns",
          "schema_version": 0,
          "attributes": {
            "addon_name": "coredns",
            "id": "coredns",
            "kubernetes_version": "1.32",
            "most_recent": true,
            "version": "v1.11.4-eksbuild.10"
          },
          "sensitive_attributes": []
        },
        {
          "index_key": "kube-proxy",
          "schema_version": 0,
          "attributes": {
            "addon_name": "kube-proxy",
            "id": "kube-proxy",
            "kubernetes_version": "1.32",
            "most_recent": true,
            "version": "v1.32.3-eksbuild.7"
          },
          "sensitive_attributes": []
        },
        {
          "index_key": "vpc-cni",
          "schema_version": 0,
          "attributes": {
            "addon_name": "vpc-cni",
            "id": "vpc-cni",
            "kubernetes_version": "1.32",
            "most_recent": true,
            "version": "v1.19.5-eksbuild.1"
          },
          "sensitive_attributes": []
        }
      ]
    },
    {
      "module": "module.eks_cluster.module.eks",
      "mode": "data",
      "type": "aws_iam_policy_document",
      "name": "assume_role_policy",
      "provider": "provider[\"registry.terraform.io/hashicorp/aws\"]",
      "instances": [
        {
          "index_key": 0,
          "schema_version": 0,
          "attributes": {
            "id": "2764486067",
            "json": "{\n  \"Version\": \"2012-10-17\",\n  \"Statement\": [\n    {\n      \"Sid\": \"EKSClusterAssumeRole\",\n      \"Effect\": \"Allow\",\n      \"Action\": \"sts:AssumeRole\",\n      \"Principal\": {\n        \"Service\": \"eks.amazonaws.com\"\n      }\n    }\n  ]\n}",
            "minified_json": "{\"Version\":\"2012-10-17\",\"Statement\":[{\"Sid\":\"EKSClusterAssumeRole\",\"Effect\":\"Allow\",\"Action\":\"sts:AssumeRole\",\"Principal\":{\"Service\":\"eks.amazonaws.com\"}}]}",
            "override_json": null,
            "override_policy_documents": null,
            "policy_id": null,
            "source_json": null,
            "source_policy_documents": null,
            "statement": [
              {
                "actions": [
                  "sts:AssumeRole"
                ],
                "condition": [],
                "effect": "Allow",
                "not_actions": [],
                "not_principals": [],
                "not_resources": [],
                "principals": [
                  {
                    "identifiers": [
                      "eks.amazonaws.com"
                    ],
                    "type": "Service"
                  }
                ],
                "resources": [],
                "sid": "EKSClusterAssumeRole"
              }
            ],
            "version": "2012-10-17"
          },
          "sensitive_attributes": []
        }
      ]
    },
    {
      "module": "module.eks_cluster.module.eks",
      "mode": "data",
      "type": "aws_iam_session_context",
      "name": "current",
      "provider": "provider[\"registry.terraform.io/hashicorp/aws\"]",
      "instances": [
        {
          "schema_version": 0,
          "attributes": {
            "arn": "arn:aws:iam::440744256104:root",
            "id": "arn:aws:iam::440744256104:root",
            "issuer_arn": "arn:aws:iam::440744256104:root",
            "issuer_id": "",
            "issuer_name": "",
            "session_name": ""
          },
          "sensitive_attributes": []
        }
      ]
    },
    {
      "module": "module.eks_cluster.module.eks",
      "mode": "data",
      "type": "aws_partition",
      "name": "current",
      "provider": "provider[\"registry.terraform.io/hashicorp/aws\"]",
      "instances": [
        {
          "schema_version": 0,
          "attributes": {
            "dns_suffix": "amazonaws.com",
            "id": "aws",
            "partition": "aws",
            "reverse_dns_prefix": "com.amazonaws"
          },
          "sensitive_attributes": []
        }
      ]
    },
    {
      "module": "module.eks_cluster.module.eks",
      "mode": "data",
      "type": "tls_certificate",
      "name": "this",
      "provider": "provider[\"registry.terraform.io/hashicorp/tls\"]",
      "instances": [
        {
          "index_key": 0,
          "schema_version": 0,
          "attributes": {
            "certificates": [
              {
                "cert_pem": "-----BEGIN CERTIFICATE-----\nMIIEkjCCA3qgAwIBAgITBn+USionzfP6wq4rAfkI7rnExjANBgkqhkiG9w0BAQsF\nADCBmDELMAkGA1UEBhMCVVMxEDAOBgNVBAgTB0FyaXpvbmExEzARBgNVBAcTClNj\nb3R0c2RhbGUxJTAjBgNVBAoTHFN0YXJmaWVsZCBUZWNobm9sb2dpZXMsIEluYy4x\nOzA5BgNVBAMTMlN0YXJmaWVsZCBTZXJ2aWNlcyBSb290IENlcnRpZmljYXRlIEF1\ndGhvcml0eSAtIEcyMB4XDTE1MDUyNTEyMDAwMFoXDTM3MTIzMTAxMDAwMFowOTEL\nMAkGA1UEBhMCVVMxDzANBgNVBAoTBkFtYXpvbjEZMBcGA1UEAxMQQW1hem9uIFJv\nb3QgQ0EgMTCCASIwDQYJKoZIhvcNAQEBBQADggEPADCCAQoCggEBALJ4gHHKeNXj\nca9HgFB0fW7Y14h29Jlo91ghYPl0hAEvrAIthtOgQ3pOsqTQNroBvo3bSMgHFzZM\n9O6II8c+6zf1tRn4SWiw3te5djgdYZ6k/oI2peVKVuRF4fn9tBb6dNqcmzU5L/qw\nIFAGbHrQgLKm+a/sRxmPUDgH3KKHOVj4utWp+UhnMJbulHheb4mjUcAwhmahRWa6\nVOujw5H5SNz/0egwLX0tdHA114gk957EWW67c4cX8jJGKLhD+rcdqsq08p8kDi1L\n93FcXmn/6pUCyziKrlA4b9v7LWIbxcceVOF34GfID5yHI9Y/QCB/IIDEgEw+OyQm\njgSubJrIqg0CAwEAAaOCATEwggEtMA8GA1UdEwEB/wQFMAMBAf8wDgYDVR0PAQH/\nBAQDAgGGMB0GA1UdDgQWBBSEGMyFNOy8DJSULghZnMeyEE4KCDAfBgNVHSMEGDAW\ngBScXwDfqgHXMCs4iKK4bUqc8hGRgzB4BggrBgEFBQcBAQRsMGowLgYIKwYBBQUH\nMAGGImh0dHA6Ly9vY3NwLnJvb3RnMi5hbWF6b250cnVzdC5jb20wOAYIKwYBBQUH\nMAKGLGh0dHA6Ly9jcnQucm9vdGcyLmFtYXpvbnRydXN0LmNvbS9yb290ZzIuY2Vy\nMD0GA1UdHwQ2MDQwMqAwoC6GLGh0dHA6Ly9jcmwucm9vdGcyLmFtYXpvbnRydXN0\nLmNvbS9yb290ZzIuY3JsMBEGA1UdIAQKMAgwBgYEVR0gADANBgkqhkiG9w0BAQsF\nAAOCAQEAYjdCXLwQtT6LLOkMm2xF4gcAevnFWAu5CIw+7bMlPLVvUOTNNWqnkzSW\nMiGpSESrnO09tKpzbeR/FoCJbM8oAxiDR3mjEH4wW6w7sGDgd9QIpuEdfF7Au/ma\neyKdpwAJfqxGF4PcnCZXmTA5YpaP7dreqsXMGz7KQ2hsVxa81Q4gLv7/wmpdLqBK\nbRRYh5TmOTFffHPLkIhqhBGWJ6bt2YFGpn6jcgAKUj6DiAdjd4lpFw85hdKrCEVN\n0FE6/V1dN2RMfjCyVSRCnTawXZwXgWHxyvkQAiSr6w10kY17RSlQOYiypok1JR4U\nakcjMS9cmvqtmg5iUaQqqcT5NJ0hGA==\n-----END CERTIFICATE-----\n",
                "is_ca": true,
                "issuer": "CN=Starfield Services Root Certificate Authority - G2,O=Starfield Technologies\\, Inc.,L=Scottsdale,ST=Arizona,C=US",
                "not_after": "2037-12-31T01:00:00Z",
                "not_before": "2015-05-25T12:00:00Z",
                "public_key_algorithm": "RSA",
                "serial_number": "144918191876577076464031512351042010504348870",
                "sha1_fingerprint": "06b25927c42a721631c1efd9431e648fa62e1e39",
                "signature_algorithm": "SHA256-RSA",
                "subject": "CN=Amazon Root CA 1,O=Amazon,C=US",
                "version": 3
              },
              {
                "cert_pem": "-----BEGIN CERTIFICATE-----\nMIIEXjCCA0agAwIBAgITB3MSTyqVLj7Rili9uF0bwM5fJzANBgkqhkiG9w0BAQsF\nADA5MQswCQYDVQQGEwJVUzEPMA0GA1UEChMGQW1hem9uMRkwFwYDVQQDExBBbWF6\nb24gUm9vdCBDQSAxMB4XDTIyMDgyMzIyMjYzNVoXDTMwMDgyMzIyMjYzNVowPDEL\nMAkGA1UEBhMCVVMxDzANBgNVBAoTBkFtYXpvbjEcMBoGA1UEAxMTQW1hem9uIFJT\nQSAyMDQ4IE0wNDCCASIwDQYJKoZIhvcNAQEBBQADggEPADCCAQoCggEBAM3pVR6A\nlQOp4xe776FdePXyejgA38mYx1ou9/jrpV6Sfn+/oqBKgwhY6ePsQHHQayWBJdBn\nv4Wz363qRI4XUh9swBFJ11TnZ3LqOMvHmWq2+loA0QPtOfXdJ2fHBLrBrngtJ/GB\n0p5olAVYrSZgvQGP16Rf8ddtNyxEEhYm3HuhmNi+vSeAq1tLYJPAvRCXonTpWdSD\nxY6hvdmxlqTYi82AtBXSfpGQ58HHM0hw0C6aQakghrwWi5fGslLOqzpimNMIsT7c\nqa0GJx6JfKqJqmQQNplO2h8n9ZsFJgBowof01ppdoLAWg6caMOM0om/VILKaa30F\n9W/r8Qjah7ltGVkCAwEAAaOCAVowggFWMBIGA1UdEwEB/wQIMAYBAf8CAQAwDgYD\nVR0PAQH/BAQDAgGGMB0GA1UdJQQWMBQGCCsGAQUFBwMBBggrBgEFBQcDAjAdBgNV\nHQ4EFgQUH1KSYVaCVH+BZtgdPQqqMlyH3QgwHwYDVR0jBBgwFoAUhBjMhTTsvAyU\nlC4IWZzHshBOCggwewYIKwYBBQUHAQEEbzBtMC8GCCsGAQUFBzABhiNodHRwOi8v\nb2NzcC5yb290Y2ExLmFtYXpvbnRydXN0LmNvbTA6BggrBgEFBQcwAoYuaHR0cDov\nL2NydC5yb290Y2ExLmFtYXpvbnRydXN0LmNvbS9yb290Y2ExLmNlcjA/BgNVHR8E\nODA2MDSgMqAwhi5odHRwOi8vY3JsLnJvb3RjYTEuYW1hem9udHJ1c3QuY29tL3Jv\nb3RjYTEuY3JsMBMGA1UdIAQMMAowCAYGZ4EMAQIBMA0GCSqGSIb3DQEBCwUAA4IB\nAQA+1O5UsAaNuW3lHzJtpNGwBnZd9QEYFtxpiAnIaV4qApnGS9OCw5ZPwie7YSlD\nZF5yyFPsFhUC2Q9uJHY/CRV1b5hIiGH0+6+w5PgKiY1MWuWT8VAaJjFxvuhM7a/e\nfN2TIw1Wd6WCl6YRisunjQOrSP+unqC8A540JNyZ1JOE3jVqat3OZBGgMvihdj2w\nY23EpwesrKiQzkHzmvSH67PVW4ycbPy08HVZnBxZ5NrlGG9bwXR3fNTaz+c+Ej6c\n5AnwI3qkOFgSkg3Y75cdFz6pO/olK+e3AqygAcv0WjzmkDPuBjssuZjCHMC56oH3\nGJkV29Di2j5prHJbwZjG1inU\n-----END CERTIFICATE-----\n",
                "is_ca": true,
                "issuer": "CN=Amazon Root CA 1,O=Amazon,C=US",
                "not_after": "2030-08-23T22:26:35Z",
                "not_before": "2022-08-23T22:26:35Z",
                "public_key_algorithm": "RSA",
                "serial_number": "166129359584585245282080020727744908546170663",
                "sha1_fingerprint": "e7b8b5a6743ce1b2f17b041de59558a41472d70c",
                "signature_algorithm": "SHA256-RSA",
                "subject": "CN=Amazon RSA 2048 M04,O=Amazon,C=US",
                "version": 3
              },
              {
                "cert_pem": "-----BEGIN CERTIFICATE-----\nMIIF5zCCBM+gAwIBAgIQCKWrXsqK18Q2YLMwlIpxvzANBgkqhkiG9w0BAQsFADA8\nMQswCQYDVQQGEwJVUzEPMA0GA1UEChMGQW1hem9uMRwwGgYDVQQDExNBbWF6b24g\nUlNBIDIwNDggTTA0MB4XDTI1MDQxNjAwMDAwMFoXDTI2MDMyNzIzNTk1OVowKTEn\nMCUGA1UEAwweKi5la3MuYXAtc291dGgtMS5hbWF6b25hd3MuY29tMIIBIjANBgkq\nhkiG9w0BAQEFAAOCAQ8AMIIBCgKCAQEAsF3UBE6MwBL0R1uu17hiu8kFhYQLKvUD\nmt2lrJOJ2qOvXqNbqLVhmjX6JH5G0YvvxdRSTXFerdAR6UFa46OFBYGCP1M2gna1\nUVwbfNMLv1ojSDUMdH9zU7uBpml/wyIYLJWK+/HphFvRwuOATTnF9aD3asi3vxcP\nwDr4GUh70ELRQxMCeFoPqNOHLm/uvVDPp8o0Qw/s0E1PJjqtIbHndXnqO825Sa9D\nqyDbrvpbPkZVQKZDJXs+TaLkHFr5iy5krTxTIxENsSpxxVsCxMwvN2R9xHV9lAY9\nm7hMLEMOvDeKJTxdBL4CSMZoj+MDQ1R8YLK/QTy+ChhKmvO5+BixIwIDAQABo4IC\n9jCCAvIwHwYDVR0jBBgwFoAUH1KSYVaCVH+BZtgdPQqqMlyH3QgwHQYDVR0OBBYE\nFMqHKfGG5cSRYsHiU/Ts0ST2PXi4MCkGA1UdEQQiMCCCHiouZWtzLmFwLXNvdXRo\nLTEuYW1hem9uYXdzLmNvbTATBgNVHSAEDDAKMAgGBmeBDAECATAOBgNVHQ8BAf8E\nBAMCBaAwHQYDVR0lBBYwFAYIKwYBBQUHAwEGCCsGAQUFBwMCMDsGA1UdHwQ0MDIw\nMKAuoCyGKmh0dHA6Ly9jcmwucjJtMDQuYW1hem9udHJ1c3QuY29tL3IybTA0LmNy\nbDB1BggrBgEFBQcBAQRpMGcwLQYIKwYBBQUHMAGGIWh0dHA6Ly9vY3NwLnIybTA0\nLmFtYXpvbnRydXN0LmNvbTA2BggrBgEFBQcwAoYqaHR0cDovL2NydC5yMm0wNC5h\nbWF6b250cnVzdC5jb20vcjJtMDQuY2VyMAwGA1UdEwEB/wQCMAAwggF9BgorBgEE\nAdZ5AgQCBIIBbQSCAWkBZwB2AA5XlLzzrqk+MxssmQez95Dfm8I9cTIl3SGpJaxh\nxU4hAAABlkCtjWIAAAQDAEcwRQIgdDsdr0eh/E6MSJ0W23I7HAUHIeRF9oPeUZH2\ni81/lUkCIQC1sbnmY/5My2XPHy6l4qHypypeFJWYUw98Crc+VldDlwB2AEmcm2ne\nHXzs/DbezYdkprhbrwqHgBnRVVL76esp3fjDAAABlkCtjawAAAQDAEcwRQIgAJjH\nDzPBPhT+A0bQY9BsMSi4rTtvVx+LdeLREmnu954CIQDUMFMlVIX45vU81ornb5Ea\nSjKskF0gT4MYtGyUAqKsGAB1AMs49xWJfIShRF9bwd37yW7ymlnNRwppBYWwyxTD\nFFjnAAABlkCtjWYAAAQDAEYwRAIgaw/Er8mSKbVHWf9gk0mmzqVSKgEUwwRTju8l\nUVvXUugCIARH59A1fykBTIHvGmd/bkPEmbc4WfCDO9BrJAaXieV4MA0GCSqGSIb3\nDQEBCwUAA4IBAQCfW7NAlIgXrWFKbq9KFyCjCw2iQZiwyZAlXcFruvwCgYy2jzzT\nwW1CqE50vx/q2RxHQPrSCvhnnh2UnB3EU8Ye+xX4Q/drEgNFcJWP1A3Ry38hlOcq\nZe9F6ZHcmZPf/JzU80hp7wMqhgE8L6c3w2a80OCcTftZFKfyvBkMcTKAvdjPU04E\nt+NXWizenXUFWFYOaHwwCjjIMzKWf6ttfWsQu88oToPLHknveSDclnW65oCTAkti\nkJQiury7gFh5AxQQK7jH+4xiwupeJmOkVQxlr4uLx1S29ztjja74ccPIdBVrlMuP\nWcqFPgS342Qf8girED9FL65ldFWLoV6+krzN\n-----END CERTIFICATE-----\n",
                "is_ca": false,
                "issuer": "CN=Amazon RSA 2048 M04,O=Amazon,C=US",
                "not_after": "2026-03-27T23:59:59Z",
                "not_before": "2025-04-16T00:00:00Z",
                "public_key_algorithm": "RSA",
                "serial_number": "11494028750110896993720723976017834431",
                "sha1_fingerprint": "6f4c138f25d854e1a619a34967d7448eecc899f8",
                "signature_algorithm": "SHA256-RSA",
                "subject": "CN=*.eks.ap-south-1.amazonaws.com",
                "version": 3
              }
            ],
            "content": null,
            "id": "2efe2bc0b862928b4aefe315c4a10c4ad5223ff5",
            "url": "https://oidc.eks.ap-south-1.amazonaws.com/id/F03AF74AC8810F089ABCDA56FD00B8A4",
            "verify_chain": true
          },
          "sensitive_attributes": []
        }
      ]
    },
    {
      "module": "module.eks_cluster.module.eks",
      "mode": "managed",
      "type": "aws_cloudwatch_log_group",
      "name": "this",
      "provider": "provider[\"registry.terraform.io/hashicorp/aws\"]",
      "instances": [
        {
          "index_key": 0,
          "schema_version": 0,
          "attributes": {
            "arn": "arn:aws:logs:ap-south-1:440744256104:log-group:/aws/eks/demo-eks-cluster/cluster",
            "id": "/aws/eks/demo-eks-cluster/cluster",
            "kms_key_id": "",
            "log_group_class": "STANDARD",
            "name": "/aws/eks/demo-eks-cluster/cluster",
            "name_prefix": "",
            "retention_in_days": 90,
            "skip_destroy": false,
            "tags": {
              "Environment": "dev",
              "Name": "/aws/eks/demo-eks-cluster/cluster",
              "Terraform": "true"
            },
            "tags_all": {
              "Environment": "dev",
              "Name": "/aws/eks/demo-eks-cluster/cluster",
              "Terraform": "true"
            }
          },
          "sensitive_attributes": [],
          "private": "bnVsbA==",
          "create_before_destroy": true
        }
      ]
    },
    {
      "module": "module.eks_cluster.module.eks",
      "mode": "managed",
      "type": "aws_ec2_tag",
      "name": "cluster_primary_security_group",
      "provider": "provider[\"registry.terraform.io/hashicorp/aws\"]",
      "instances": [
        {
          "index_key": "Environment",
          "schema_version": 0,
          "attributes": {
            "id": "sg-07149a596c6e194a8,Environment",
            "key": "Environment",
            "resource_id": "sg-07149a596c6e194a8",
            "value": "dev"
          },
          "sensitive_attributes": [],
          "private": "bnVsbA==",
          "dependencies": [
            "module.eks_cluster.module.eks.aws_cloudwatch_log_group.this",
            "module.eks_cluster.module.eks.aws_eks_cluster.this",
            "module.eks_cluster.module.eks.aws_iam_policy.cni_ipv6_policy",
            "module.eks_cluster.module.eks.aws_iam_role.this",
            "module.eks_cluster.module.eks.aws_iam_role_policy_attachment.this",
            "module.eks_cluster.module.eks.aws_security_group.cluster",
            "module.eks_cluster.module.eks.aws_security_group.node",
            "module.eks_cluster.module.eks.aws_security_group_rule.cluster",
            "module.eks_cluster.module.eks.aws_security_group_rule.node",
            "module.eks_cluster.module.eks.data.aws_iam_policy_document.assume_role_policy",
            "module.eks_cluster.module.eks.data.aws_iam_session_context.current",
            "module.eks_cluster.module.eks.data.aws_partition.current",
            "module.eks_cluster.module.eks.module.kms.aws_kms_external_key.this",
            "module.eks_cluster.module.eks.module.kms.aws_kms_key.this",
            "module.eks_cluster.module.eks.module.kms.aws_kms_replica_external_key.this",
            "module.eks_cluster.module.eks.module.kms.aws_kms_replica_key.this",
            "module.eks_cluster.module.eks.module.kms.data.aws_caller_identity.current",
            "module.eks_cluster.module.eks.module.kms.data.aws_iam_policy_document.this",
            "module.eks_cluster.module.eks.module.kms.data.aws_partition.current"
          ]
        },
        {
          "index_key": "Terraform",
          "schema_version": 0,
          "attributes": {
            "id": "sg-07149a596c6e194a8,Terraform",
            "key": "Terraform",
            "resource_id": "sg-07149a596c6e194a8",
            "value": "true"
          },
          "sensitive_attributes": [],
          "private": "bnVsbA==",
          "dependencies": [
            "module.eks_cluster.module.eks.aws_cloudwatch_log_group.this",
            "module.eks_cluster.module.eks.aws_eks_cluster.this",
            "module.eks_cluster.module.eks.aws_iam_policy.cni_ipv6_policy",
            "module.eks_cluster.module.eks.aws_iam_role.this",
            "module.eks_cluster.module.eks.aws_iam_role_policy_attachment.this",
            "module.eks_cluster.module.eks.aws_security_group.cluster",
            "module.eks_cluster.module.eks.aws_security_group.node",
            "module.eks_cluster.module.eks.aws_security_group_rule.cluster",
            "module.eks_cluster.module.eks.aws_security_group_rule.node",
            "module.eks_cluster.module.eks.data.aws_iam_policy_document.assume_role_policy",
            "module.eks_cluster.module.eks.data.aws_iam_session_context.current",
            "module.eks_cluster.module.eks.data.aws_partition.current",
            "module.eks_cluster.module.eks.module.kms.aws_kms_external_key.this",
            "module.eks_cluster.module.eks.module.kms.aws_kms_key.this",
            "module.eks_cluster.module.eks.module.kms.aws_kms_replica_external_key.this",
            "module.eks_cluster.module.eks.module.kms.aws_kms_replica_key.this",
            "module.eks_cluster.module.eks.module.kms.data.aws_caller_identity.current",
            "module.eks_cluster.module.eks.module.kms.data.aws_iam_policy_document.this",
            "module.eks_cluster.module.eks.module.kms.data.aws_partition.current"
          ]
        }
      ]
    },
    {
      "module": "module.eks_cluster.module.eks",
      "mode": "managed",
      "type": "aws_eks_addon",
      "name": "this",
      "provider": "provider[\"registry.terraform.io/hashicorp/aws\"]",
      "instances": [
        {
          "index_key": "aws-ebs-csi-driver",
          "schema_version": 0,
          "attributes": {
            "addon_name": "aws-ebs-csi-driver",
            "addon_version": "v1.43.0-eksbuild.1",
            "arn": "arn:aws:eks:ap-south-1:440744256104:addon/demo-eks-cluster/aws-ebs-csi-driver/56cb6460-3ee4-f566-94f6-8bd9b578acc1",
            "cluster_name": "demo-eks-cluster",
            "configuration_values": "",
            "created_at": "2025-05-13T08:26:20Z",
            "id": "demo-eks-cluster:aws-ebs-csi-driver",
            "modified_at": "2025-05-13T08:27:07Z",
            "pod_identity_association": [],
            "preserve": true,
            "resolve_conflicts": null,
            "resolve_conflicts_on_create": "OVERWRITE",
            "resolve_conflicts_on_update": "OVERWRITE",
            "service_account_role_arn": "",
            "tags": {
              "Environment": "dev",
              "Terraform": "true"
            },
            "tags_all": {
              "Environment": "dev",
              "Terraform": "true"
            },
            "timeouts": {
              "create": null,
              "delete": null,
              "update": null
            }
          },
          "sensitive_attributes": [],
          "private": "eyJlMmJmYjczMC1lY2FhLTExZTYtOGY4OC0zNDM2M2JjN2M0YzAiOnsiY3JlYXRlIjoxMjAwMDAwMDAwMDAwLCJkZWxldGUiOjI0MDAwMDAwMDAwMDAsInVwZGF0ZSI6MTIwMDAwMDAwMDAwMH19",
          "dependencies": [
            "module.eks_cluster.module.eks.aws_cloudwatch_log_group.this",
            "module.eks_cluster.module.eks.aws_eks_cluster.this",
            "module.eks_cluster.module.eks.aws_iam_policy.cni_ipv6_policy",
            "module.eks_cluster.module.eks.aws_iam_role.this",
            "module.eks_cluster.module.eks.aws_iam_role_policy_attachment.this",
            "module.eks_cluster.module.eks.aws_security_group.cluster",
            "module.eks_cluster.module.eks.aws_security_group.node",
            "module.eks_cluster.module.eks.aws_security_group_rule.cluster",
            "module.eks_cluster.module.eks.aws_security_group_rule.node",
            "module.eks_cluster.module.eks.data.aws_eks_addon_version.this",
            "module.eks_cluster.module.eks.data.aws_iam_policy_document.assume_role_policy",
            "module.eks_cluster.module.eks.data.aws_iam_session_context.current",
            "module.eks_cluster.module.eks.data.aws_partition.current",
            "module.eks_cluster.module.eks.module.eks_managed_node_group.aws_autoscaling_schedule.this",
            "module.eks_cluster.module.eks.module.eks_managed_node_group.aws_eks_node_group.this",
            "module.eks_cluster.module.eks.module.eks_managed_node_group.aws_iam_role.this",
            "module.eks_cluster.module.eks.module.eks_managed_node_group.aws_iam_role_policy_attachment.additional",
            "module.eks_cluster.module.eks.module.eks_managed_node_group.aws_iam_role_policy_attachment.this",
            "module.eks_cluster.module.eks.module.eks_managed_node_group.aws_launch_template.this",
            "module.eks_cluster.module.eks.module.eks_managed_node_group.aws_placement_group.this",
            "module.eks_cluster.module.eks.module.eks_managed_node_group.data.aws_caller_identity.current",
            "module.eks_cluster.module.eks.module.eks_managed_node_group.data.aws_ec2_instance_type.this",
            "module.eks_cluster.module.eks.module.eks_managed_node_group.data.aws_ec2_instance_type_offerings.this",
            "module.eks_cluster.module.eks.module.eks_managed_node_group.data.aws_iam_policy_document.assume_role_policy",
            "module.eks_cluster.module.eks.module.eks_managed_node_group.data.aws_partition.current",
            "module.eks_cluster.module.eks.module.eks_managed_node_group.data.aws_ssm_parameter.ami",
            "module.eks_cluster.module.eks.module.eks_managed_node_group.data.aws_subnets.efa",
            "module.eks_cluster.module.eks.module.eks_managed_node_group.module.user_data.data.cloudinit_config.al2023_eks_managed_node_group",
            "module.eks_cluster.module.eks.module.eks_managed_node_group.module.user_data.data.cloudinit_config.linux_eks_managed_node_group",
            "module.eks_cluster.module.eks.module.eks_managed_node_group.module.user_data.null_resource.validate_cluster_service_cidr",
            "module.eks_cluster.module.eks.module.fargate_profile.aws_eks_fargate_profile.this",
            "module.eks_cluster.module.eks.module.fargate_profile.aws_iam_role.this",
            "module.eks_cluster.module.eks.module.fargate_profile.aws_iam_role_policy_attachment.additional",
            "module.eks_cluster.module.eks.module.fargate_profile.aws_iam_role_policy_attachment.this",
            "module.eks_cluster.module.eks.module.fargate_profile.data.aws_caller_identity.current",
            "module.eks_cluster.module.eks.module.fargate_profile.data.aws_iam_policy_document.assume_role_policy",
            "module.eks_cluster.module.eks.module.fargate_profile.data.aws_partition.current",
            "module.eks_cluster.module.eks.module.kms.aws_kms_external_key.this",
            "module.eks_cluster.module.eks.module.kms.aws_kms_key.this",
            "module.eks_cluster.module.eks.module.kms.aws_kms_replica_external_key.this",
            "module.eks_cluster.module.eks.module.kms.aws_kms_replica_key.this",
            "module.eks_cluster.module.eks.module.kms.data.aws_caller_identity.current",
            "module.eks_cluster.module.eks.module.kms.data.aws_iam_policy_document.this",
            "module.eks_cluster.module.eks.module.kms.data.aws_partition.current",
            "module.eks_cluster.module.eks.module.self_managed_node_group.aws_autoscaling_group.this",
            "module.eks_cluster.module.eks.module.self_managed_node_group.aws_autoscaling_schedule.this",
            "module.eks_cluster.module.eks.module.self_managed_node_group.aws_eks_access_entry.this",
            "module.eks_cluster.module.eks.module.self_managed_node_group.aws_iam_instance_profile.this",
            "module.eks_cluster.module.eks.module.self_managed_node_group.aws_iam_role.this",
            "module.eks_cluster.module.eks.module.self_managed_node_group.aws_iam_role_policy_attachment.additional",
            "module.eks_cluster.module.eks.module.self_managed_node_group.aws_iam_role_policy_attachment.this",
            "module.eks_cluster.module.eks.module.self_managed_node_group.aws_launch_template.this",
            "module.eks_cluster.module.eks.module.self_managed_node_group.aws_placement_group.this",
            "module.eks_cluster.module.eks.module.self_managed_node_group.data.aws_ami.eks_default",
            "module.eks_cluster.module.eks.module.self_managed_node_group.data.aws_caller_identity.current",
            "module.eks_cluster.module.eks.module.self_managed_node_group.data.aws_ec2_instance_type.this",
            "module.eks_cluster.module.eks.module.self_managed_node_group.data.aws_ec2_instance_type_offerings.this",
            "module.eks_cluster.module.eks.module.self_managed_node_group.data.aws_iam_policy_document.assume_role_policy",
            "module.eks_cluster.module.eks.module.self_managed_node_group.data.aws_partition.current",
            "module.eks_cluster.module.eks.module.self_managed_node_group.data.aws_subnets.efa",
            "module.eks_cluster.module.eks.module.self_managed_node_group.module.user_data.data.cloudinit_config.al2023_eks_managed_node_group",
            "module.eks_cluster.module.eks.module.self_managed_node_group.module.user_data.data.cloudinit_config.linux_eks_managed_node_group",
            "module.eks_cluster.module.eks.module.self_managed_node_group.module.user_data.null_resource.validate_cluster_service_cidr",
            "module.eks_cluster.module.eks.time_sleep.this"
          ]
        },
        {
          "index_key": "coredns",
          "schema_version": 0,
          "attributes": {
            "addon_name": "coredns",
            "addon_version": "v1.11.4-eksbuild.10",
            "arn": "arn:aws:eks:ap-south-1:440744256104:addon/demo-eks-cluster/coredns/a2cb6460-3ee6-2113-5b4f-cef6e39f5cfc",
            "cluster_name": "demo-eks-cluster",
            "configuration_values": "",
            "created_at": "2025-05-13T08:26:20Z",
            "id": "demo-eks-cluster:coredns",
            "modified_at": "2025-05-13T08:27:02Z",
            "pod_identity_association": [],
            "preserve": true,
            "resolve_conflicts": null,
            "resolve_conflicts_on_create": "OVERWRITE",
            "resolve_conflicts_on_update": "OVERWRITE",
            "service_account_role_arn": "",
            "tags": {
              "Environment": "dev",
              "Terraform": "true"
            },
            "tags_all": {
              "Environment": "dev",
              "Terraform": "true"
            },
            "timeouts": {
              "create": null,
              "delete": null,
              "update": null
            }
          },
          "sensitive_attributes": [],
          "private": "eyJlMmJmYjczMC1lY2FhLTExZTYtOGY4OC0zNDM2M2JjN2M0YzAiOnsiY3JlYXRlIjoxMjAwMDAwMDAwMDAwLCJkZWxldGUiOjI0MDAwMDAwMDAwMDAsInVwZGF0ZSI6MTIwMDAwMDAwMDAwMH19",
          "dependencies": [
            "module.eks_cluster.module.eks.aws_cloudwatch_log_group.this",
            "module.eks_cluster.module.eks.aws_eks_cluster.this",
            "module.eks_cluster.module.eks.aws_iam_policy.cni_ipv6_policy",
            "module.eks_cluster.module.eks.aws_iam_role.this",
            "module.eks_cluster.module.eks.aws_iam_role_policy_attachment.this",
            "module.eks_cluster.module.eks.aws_security_group.cluster",
            "module.eks_cluster.module.eks.aws_security_group.node",
            "module.eks_cluster.module.eks.aws_security_group_rule.cluster",
            "module.eks_cluster.module.eks.aws_security_group_rule.node",
            "module.eks_cluster.module.eks.data.aws_eks_addon_version.this",
            "module.eks_cluster.module.eks.data.aws_iam_policy_document.assume_role_policy",
            "module.eks_cluster.module.eks.data.aws_iam_session_context.current",
            "module.eks_cluster.module.eks.data.aws_partition.current",
            "module.eks_cluster.module.eks.module.eks_managed_node_group.aws_autoscaling_schedule.this",
            "module.eks_cluster.module.eks.module.eks_managed_node_group.aws_eks_node_group.this",
            "module.eks_cluster.module.eks.module.eks_managed_node_group.aws_iam_role.this",
            "module.eks_cluster.module.eks.module.eks_managed_node_group.aws_iam_role_policy_attachment.additional",
            "module.eks_cluster.module.eks.module.eks_managed_node_group.aws_iam_role_policy_attachment.this",
            "module.eks_cluster.module.eks.module.eks_managed_node_group.aws_launch_template.this",
            "module.eks_cluster.module.eks.module.eks_managed_node_group.aws_placement_group.this",
            "module.eks_cluster.module.eks.module.eks_managed_node_group.data.aws_caller_identity.current",
            "module.eks_cluster.module.eks.module.eks_managed_node_group.data.aws_ec2_instance_type.this",
            "module.eks_cluster.module.eks.module.eks_managed_node_group.data.aws_ec2_instance_type_offerings.this",
            "module.eks_cluster.module.eks.module.eks_managed_node_group.data.aws_iam_policy_document.assume_role_policy",
            "module.eks_cluster.module.eks.module.eks_managed_node_group.data.aws_partition.current",
            "module.eks_cluster.module.eks.module.eks_managed_node_group.data.aws_ssm_parameter.ami",
            "module.eks_cluster.module.eks.module.eks_managed_node_group.data.aws_subnets.efa",
            "module.eks_cluster.module.eks.module.eks_managed_node_group.module.user_data.data.cloudinit_config.al2023_eks_managed_node_group",
            "module.eks_cluster.module.eks.module.eks_managed_node_group.module.user_data.data.cloudinit_config.linux_eks_managed_node_group",
            "module.eks_cluster.module.eks.module.eks_managed_node_group.module.user_data.null_resource.validate_cluster_service_cidr",
            "module.eks_cluster.module.eks.module.fargate_profile.aws_eks_fargate_profile.this",
            "module.eks_cluster.module.eks.module.fargate_profile.aws_iam_role.this",
            "module.eks_cluster.module.eks.module.fargate_profile.aws_iam_role_policy_attachment.additional",
            "module.eks_cluster.module.eks.module.fargate_profile.aws_iam_role_policy_attachment.this",
            "module.eks_cluster.module.eks.module.fargate_profile.data.aws_caller_identity.current",
            "module.eks_cluster.module.eks.module.fargate_profile.data.aws_iam_policy_document.assume_role_policy",
            "module.eks_cluster.module.eks.module.fargate_profile.data.aws_partition.current",
            "module.eks_cluster.module.eks.module.kms.aws_kms_external_key.this",
            "module.eks_cluster.module.eks.module.kms.aws_kms_key.this",
            "module.eks_cluster.module.eks.module.kms.aws_kms_replica_external_key.this",
            "module.eks_cluster.module.eks.module.kms.aws_kms_replica_key.this",
            "module.eks_cluster.module.eks.module.kms.data.aws_caller_identity.current",
            "module.eks_cluster.module.eks.module.kms.data.aws_iam_policy_document.this",
            "module.eks_cluster.module.eks.module.kms.data.aws_partition.current",
            "module.eks_cluster.module.eks.module.self_managed_node_group.aws_autoscaling_group.this",
            "module.eks_cluster.module.eks.module.self_managed_node_group.aws_autoscaling_schedule.this",
            "module.eks_cluster.module.eks.module.self_managed_node_group.aws_eks_access_entry.this",
            "module.eks_cluster.module.eks.module.self_managed_node_group.aws_iam_instance_profile.this",
            "module.eks_cluster.module.eks.module.self_managed_node_group.aws_iam_role.this",
            "module.eks_cluster.module.eks.module.self_managed_node_group.aws_iam_role_policy_attachment.additional",
            "module.eks_cluster.module.eks.module.self_managed_node_group.aws_iam_role_policy_attachment.this",
            "module.eks_cluster.module.eks.module.self_managed_node_group.aws_launch_template.this",
            "module.eks_cluster.module.eks.module.self_managed_node_group.aws_placement_group.this",
            "module.eks_cluster.module.eks.module.self_managed_node_group.data.aws_ami.eks_default",
            "module.eks_cluster.module.eks.module.self_managed_node_group.data.aws_caller_identity.current",
            "module.eks_cluster.module.eks.module.self_managed_node_group.data.aws_ec2_instance_type.this",
            "module.eks_cluster.module.eks.module.self_managed_node_group.data.aws_ec2_instance_type_offerings.this",
            "module.eks_cluster.module.eks.module.self_managed_node_group.data.aws_iam_policy_document.assume_role_policy",
            "module.eks_cluster.module.eks.module.self_managed_node_group.data.aws_partition.current",
            "module.eks_cluster.module.eks.module.self_managed_node_group.data.aws_subnets.efa",
            "module.eks_cluster.module.eks.module.self_managed_node_group.module.user_data.data.cloudinit_config.al2023_eks_managed_node_group",
            "module.eks_cluster.module.eks.module.self_managed_node_group.module.user_data.data.cloudinit_config.linux_eks_managed_node_group",
            "module.eks_cluster.module.eks.module.self_managed_node_group.module.user_data.null_resource.validate_cluster_service_cidr",
            "module.eks_cluster.module.eks.time_sleep.this"
          ]
        },
        {
          "index_key": "kube-proxy",
          "schema_version": 0,
          "attributes": {
            "addon_name": "kube-proxy",
            "addon_version": "v1.32.3-eksbuild.7",
            "arn": "arn:aws:eks:ap-south-1:440744256104:addon/demo-eks-cluster/kube-proxy/56cb6460-3ee4-6de6-b44e-fce52af23e56",
            "cluster_name": "demo-eks-cluster",
            "configuration_values": "",
            "created_at": "2025-05-13T08:26:20Z",
            "id": "demo-eks-cluster:kube-proxy",
            "modified_at": "2025-05-13T08:26:57Z",
            "pod_identity_association": [],
            "preserve": true,
            "resolve_conflicts": null,
            "resolve_conflicts_on_create": "OVERWRITE",
            "resolve_conflicts_on_update": "OVERWRITE",
            "service_account_role_arn": "",
            "tags": {
              "Environment": "dev",
              "Terraform": "true"
            },
            "tags_all": {
              "Environment": "dev",
              "Terraform": "true"
            },
            "timeouts": {
              "create": null,
              "delete": null,
              "update": null
            }
          },
          "sensitive_attributes": [],
          "private": "eyJlMmJmYjczMC1lY2FhLTExZTYtOGY4OC0zNDM2M2JjN2M0YzAiOnsiY3JlYXRlIjoxMjAwMDAwMDAwMDAwLCJkZWxldGUiOjI0MDAwMDAwMDAwMDAsInVwZGF0ZSI6MTIwMDAwMDAwMDAwMH19",
          "dependencies": [
            "module.eks_cluster.module.eks.aws_cloudwatch_log_group.this",
            "module.eks_cluster.module.eks.aws_eks_cluster.this",
            "module.eks_cluster.module.eks.aws_iam_policy.cni_ipv6_policy",
            "module.eks_cluster.module.eks.aws_iam_role.this",
            "module.eks_cluster.module.eks.aws_iam_role_policy_attachment.this",
            "module.eks_cluster.module.eks.aws_security_group.cluster",
            "module.eks_cluster.module.eks.aws_security_group.node",
            "module.eks_cluster.module.eks.aws_security_group_rule.cluster",
            "module.eks_cluster.module.eks.aws_security_group_rule.node",
            "module.eks_cluster.module.eks.data.aws_eks_addon_version.this",
            "module.eks_cluster.module.eks.data.aws_iam_policy_document.assume_role_policy",
            "module.eks_cluster.module.eks.data.aws_iam_session_context.current",
            "module.eks_cluster.module.eks.data.aws_partition.current",
            "module.eks_cluster.module.eks.module.eks_managed_node_group.aws_autoscaling_schedule.this",
            "module.eks_cluster.module.eks.module.eks_managed_node_group.aws_eks_node_group.this",
            "module.eks_cluster.module.eks.module.eks_managed_node_group.aws_iam_role.this",
            "module.eks_cluster.module.eks.module.eks_managed_node_group.aws_iam_role_policy_attachment.additional",
            "module.eks_cluster.module.eks.module.eks_managed_node_group.aws_iam_role_policy_attachment.this",
            "module.eks_cluster.module.eks.module.eks_managed_node_group.aws_launch_template.this",
            "module.eks_cluster.module.eks.module.eks_managed_node_group.aws_placement_group.this",
            "module.eks_cluster.module.eks.module.eks_managed_node_group.data.aws_caller_identity.current",
            "module.eks_cluster.module.eks.module.eks_managed_node_group.data.aws_ec2_instance_type.this",
            "module.eks_cluster.module.eks.module.eks_managed_node_group.data.aws_ec2_instance_type_offerings.this",
            "module.eks_cluster.module.eks.module.eks_managed_node_group.data.aws_iam_policy_document.assume_role_policy",
            "module.eks_cluster.module.eks.module.eks_managed_node_group.data.aws_partition.current",
            "module.eks_cluster.module.eks.module.eks_managed_node_group.data.aws_ssm_parameter.ami",
            "module.eks_cluster.module.eks.module.eks_managed_node_group.data.aws_subnets.efa",
            "module.eks_cluster.module.eks.module.eks_managed_node_group.module.user_data.data.cloudinit_config.al2023_eks_managed_node_group",
            "module.eks_cluster.module.eks.module.eks_managed_node_group.module.user_data.data.cloudinit_config.linux_eks_managed_node_group",
            "module.eks_cluster.module.eks.module.eks_managed_node_group.module.user_data.null_resource.validate_cluster_service_cidr",
            "module.eks_cluster.module.eks.module.fargate_profile.aws_eks_fargate_profile.this",
            "module.eks_cluster.module.eks.module.fargate_profile.aws_iam_role.this",
            "module.eks_cluster.module.eks.module.fargate_profile.aws_iam_role_policy_attachment.additional",
            "module.eks_cluster.module.eks.module.fargate_profile.aws_iam_role_policy_attachment.this",
            "module.eks_cluster.module.eks.module.fargate_profile.data.aws_caller_identity.current",
            "module.eks_cluster.module.eks.module.fargate_profile.data.aws_iam_policy_document.assume_role_policy",
            "module.eks_cluster.module.eks.module.fargate_profile.data.aws_partition.current",
            "module.eks_cluster.module.eks.module.kms.aws_kms_external_key.this",
            "module.eks_cluster.module.eks.module.kms.aws_kms_key.this",
            "module.eks_cluster.module.eks.module.kms.aws_kms_replica_external_key.this",
            "module.eks_cluster.module.eks.module.kms.aws_kms_replica_key.this",
            "module.eks_cluster.module.eks.module.kms.data.aws_caller_identity.current",
            "module.eks_cluster.module.eks.module.kms.data.aws_iam_policy_document.this",
            "module.eks_cluster.module.eks.module.kms.data.aws_partition.current",
            "module.eks_cluster.module.eks.module.self_managed_node_group.aws_autoscaling_group.this",
            "module.eks_cluster.module.eks.module.self_managed_node_group.aws_autoscaling_schedule.this",
            "module.eks_cluster.module.eks.module.self_managed_node_group.aws_eks_access_entry.this",
            "module.eks_cluster.module.eks.module.self_managed_node_group.aws_iam_instance_profile.this",
            "module.eks_cluster.module.eks.module.self_managed_node_group.aws_iam_role.this",
            "module.eks_cluster.module.eks.module.self_managed_node_group.aws_iam_role_policy_attachment.additional",
            "module.eks_cluster.module.eks.module.self_managed_node_group.aws_iam_role_policy_attachment.this",
            "module.eks_cluster.module.eks.module.self_managed_node_group.aws_launch_template.this",
            "module.eks_cluster.module.eks.module.self_managed_node_group.aws_placement_group.this",
            "module.eks_cluster.module.eks.module.self_managed_node_group.data.aws_ami.eks_default",
            "module.eks_cluster.module.eks.module.self_managed_node_group.data.aws_caller_identity.current",
            "module.eks_cluster.module.eks.module.self_managed_node_group.data.aws_ec2_instance_type.this",
            "module.eks_cluster.module.eks.module.self_managed_node_group.data.aws_ec2_instance_type_offerings.this",
            "module.eks_cluster.module.eks.module.self_managed_node_group.data.aws_iam_policy_document.assume_role_policy",
            "module.eks_cluster.module.eks.module.self_managed_node_group.data.aws_partition.current",
            "module.eks_cluster.module.eks.module.self_managed_node_group.data.aws_subnets.efa",
            "module.eks_cluster.module.eks.module.self_managed_node_group.module.user_data.data.cloudinit_config.al2023_eks_managed_node_group",
            "module.eks_cluster.module.eks.module.self_managed_node_group.module.user_data.data.cloudinit_config.linux_eks_managed_node_group",
            "module.eks_cluster.module.eks.module.self_managed_node_group.module.user_data.null_resource.validate_cluster_service_cidr",
            "module.eks_cluster.module.eks.time_sleep.this"
          ]
        },
        {
          "index_key": "vpc-cni",
          "schema_version": 0,
          "attributes": {
            "addon_name": "vpc-cni",
            "addon_version": "v1.19.5-eksbuild.1",
            "arn": "arn:aws:eks:ap-south-1:440744256104:addon/demo-eks-cluster/vpc-cni/82cb6460-3ee1-a084-876d-ecf3e90a11d9",
            "cluster_name": "demo-eks-cluster",
            "configuration_values": "",
            "created_at": "2025-05-13T08:26:20Z",
            "id": "demo-eks-cluster:vpc-cni",
            "modified_at": "2025-05-13T08:26:58Z",
            "pod_identity_association": [],
            "preserve": true,
            "resolve_conflicts": null,
            "resolve_conflicts_on_create": "OVERWRITE",
            "resolve_conflicts_on_update": "OVERWRITE",
            "service_account_role_arn": "",
            "tags": {
              "Environment": "dev",
              "Terraform": "true"
            },
            "tags_all": {
              "Environment": "dev",
              "Terraform": "true"
            },
            "timeouts": {
              "create": null,
              "delete": null,
              "update": null
            }
          },
          "sensitive_attributes": [],
          "private": "eyJlMmJmYjczMC1lY2FhLTExZTYtOGY4OC0zNDM2M2JjN2M0YzAiOnsiY3JlYXRlIjoxMjAwMDAwMDAwMDAwLCJkZWxldGUiOjI0MDAwMDAwMDAwMDAsInVwZGF0ZSI6MTIwMDAwMDAwMDAwMH19",
          "dependencies": [
            "module.eks_cluster.module.eks.aws_cloudwatch_log_group.this",
            "module.eks_cluster.module.eks.aws_eks_cluster.this",
            "module.eks_cluster.module.eks.aws_iam_policy.cni_ipv6_policy",
            "module.eks_cluster.module.eks.aws_iam_role.this",
            "module.eks_cluster.module.eks.aws_iam_role_policy_attachment.this",
            "module.eks_cluster.module.eks.aws_security_group.cluster",
            "module.eks_cluster.module.eks.aws_security_group.node",
            "module.eks_cluster.module.eks.aws_security_group_rule.cluster",
            "module.eks_cluster.module.eks.aws_security_group_rule.node",
            "module.eks_cluster.module.eks.data.aws_eks_addon_version.this",
            "module.eks_cluster.module.eks.data.aws_iam_policy_document.assume_role_policy",
            "module.eks_cluster.module.eks.data.aws_iam_session_context.current",
            "module.eks_cluster.module.eks.data.aws_partition.current",
            "module.eks_cluster.module.eks.module.eks_managed_node_group.aws_autoscaling_schedule.this",
            "module.eks_cluster.module.eks.module.eks_managed_node_group.aws_eks_node_group.this",
            "module.eks_cluster.module.eks.module.eks_managed_node_group.aws_iam_role.this",
            "module.eks_cluster.module.eks.module.eks_managed_node_group.aws_iam_role_policy_attachment.additional",
            "module.eks_cluster.module.eks.module.eks_managed_node_group.aws_iam_role_policy_attachment.this",
            "module.eks_cluster.module.eks.module.eks_managed_node_group.aws_launch_template.this",
            "module.eks_cluster.module.eks.module.eks_managed_node_group.aws_placement_group.this",
            "module.eks_cluster.module.eks.module.eks_managed_node_group.data.aws_caller_identity.current",
            "module.eks_cluster.module.eks.module.eks_managed_node_group.data.aws_ec2_instance_type.this",
            "module.eks_cluster.module.eks.module.eks_managed_node_group.data.aws_ec2_instance_type_offerings.this",
            "module.eks_cluster.module.eks.module.eks_managed_node_group.data.aws_iam_policy_document.assume_role_policy",
            "module.eks_cluster.module.eks.module.eks_managed_node_group.data.aws_partition.current",
            "module.eks_cluster.module.eks.module.eks_managed_node_group.data.aws_ssm_parameter.ami",
            "module.eks_cluster.module.eks.module.eks_managed_node_group.data.aws_subnets.efa",
            "module.eks_cluster.module.eks.module.eks_managed_node_group.module.user_data.data.cloudinit_config.al2023_eks_managed_node_group",
            "module.eks_cluster.module.eks.module.eks_managed_node_group.module.user_data.data.cloudinit_config.linux_eks_managed_node_group",
            "module.eks_cluster.module.eks.module.eks_managed_node_group.module.user_data.null_resource.validate_cluster_service_cidr",
            "module.eks_cluster.module.eks.module.fargate_profile.aws_eks_fargate_profile.this",
            "module.eks_cluster.module.eks.module.fargate_profile.aws_iam_role.this",
            "module.eks_cluster.module.eks.module.fargate_profile.aws_iam_role_policy_attachment.additional",
            "module.eks_cluster.module.eks.module.fargate_profile.aws_iam_role_policy_attachment.this",
            "module.eks_cluster.module.eks.module.fargate_profile.data.aws_caller_identity.current",
            "module.eks_cluster.module.eks.module.fargate_profile.data.aws_iam_policy_document.assume_role_policy",
            "module.eks_cluster.module.eks.module.fargate_profile.data.aws_partition.current",
            "module.eks_cluster.module.eks.module.kms.aws_kms_external_key.this",
            "module.eks_cluster.module.eks.module.kms.aws_kms_key.this",
            "module.eks_cluster.module.eks.module.kms.aws_kms_replica_external_key.this",
            "module.eks_cluster.module.eks.module.kms.aws_kms_replica_key.this",
            "module.eks_cluster.module.eks.module.kms.data.aws_caller_identity.current",
            "module.eks_cluster.module.eks.module.kms.data.aws_iam_policy_document.this",
            "module.eks_cluster.module.eks.module.kms.data.aws_partition.current",
            "module.eks_cluster.module.eks.module.self_managed_node_group.aws_autoscaling_group.this",
            "module.eks_cluster.module.eks.module.self_managed_node_group.aws_autoscaling_schedule.this",
            "module.eks_cluster.module.eks.module.self_managed_node_group.aws_eks_access_entry.this",
            "module.eks_cluster.module.eks.module.self_managed_node_group.aws_iam_instance_profile.this",
            "module.eks_cluster.module.eks.module.self_managed_node_group.aws_iam_role.this",
            "module.eks_cluster.module.eks.module.self_managed_node_group.aws_iam_role_policy_attachment.additional",
            "module.eks_cluster.module.eks.module.self_managed_node_group.aws_iam_role_policy_attachment.this",
            "module.eks_cluster.module.eks.module.self_managed_node_group.aws_launch_template.this",
            "module.eks_cluster.module.eks.module.self_managed_node_group.aws_placement_group.this",
            "module.eks_cluster.module.eks.module.self_managed_node_group.data.aws_ami.eks_default",
            "module.eks_cluster.module.eks.module.self_managed_node_group.data.aws_caller_identity.current",
            "module.eks_cluster.module.eks.module.self_managed_node_group.data.aws_ec2_instance_type.this",
            "module.eks_cluster.module.eks.module.self_managed_node_group.data.aws_ec2_instance_type_offerings.this",
            "module.eks_cluster.module.eks.module.self_managed_node_group.data.aws_iam_policy_document.assume_role_policy",
            "module.eks_cluster.module.eks.module.self_managed_node_group.data.aws_partition.current",
            "module.eks_cluster.module.eks.module.self_managed_node_group.data.aws_subnets.efa",
            "module.eks_cluster.module.eks.module.self_managed_node_group.module.user_data.data.cloudinit_config.al2023_eks_managed_node_group",
            "module.eks_cluster.module.eks.module.self_managed_node_group.module.user_data.data.cloudinit_config.linux_eks_managed_node_group",
            "module.eks_cluster.module.eks.module.self_managed_node_group.module.user_data.null_resource.validate_cluster_service_cidr",
            "module.eks_cluster.module.eks.time_sleep.this"
          ]
        }
      ]
    },
    {
      "module": "module.eks_cluster.module.eks",
      "mode": "managed",
      "type": "aws_eks_cluster",
      "name": "this",
      "provider": "provider[\"registry.terraform.io/hashicorp/aws\"]",
      "instances": [
        {
          "index_key": 0,
          "schema_version": 1,
          "attributes": {
            "access_config": [
              {
                "authentication_mode": "API_AND_CONFIG_MAP",
                "bootstrap_cluster_creator_admin_permissions": false
              }
            ],
            "arn": "arn:aws:eks:ap-south-1:440744256104:cluster/demo-eks-cluster",
            "bootstrap_self_managed_addons": true,
            "certificate_authority": [
              {
                "data": "LS0tLS1CRUdJTiBDRVJUSUZJQ0FURS0tLS0tCk1JSURCVENDQWUyZ0F3SUJBZ0lJQkQrVGlxU1cvK0l3RFFZSktvWklodmNOQVFFTEJRQXdGVEVUTUJFR0ExVUUKQXhNS2EzVmlaWEp1WlhSbGN6QWVGdzB5TlRBMU1UTXdPREV6TkRCYUZ3MHpOVEExTVRFd09ERTROREJhTUJVeApFekFSQmdOVkJBTVRDbXQxWW1WeWJtVjBaWE13Z2dFaU1BMEdDU3FHU0liM0RRRUJBUVVBQTRJQkR3QXdnZ0VLCkFvSUJBUUN4N0FBZ0tSdlY5RjhYeHJmVGQ1bFNHeU94TERWaklpaTQzNWRocFlOZFRXNWxjYXZaK0J0SHRqSEcKY3Y3eG5nYWRvLzRUWTViMmdOMXVibW5UVG1uZnpLNng3YXlZdWhEb2M5OTNzYnc1VHhENzFZVWdZb2xGUEhqOQoxUmU1Rzl2ZkxjQ0F2S0pENnVrckdrTTd6WUs5a0htTW1vWS9aaENWOUltUXY0VXVFQzVOZXJkWndDc2lpc3B2Ckd2ZjBpeTA2NGFjc09KUkRmVDF1TTBBVENBbSttckRuTjVXS3BPMkJBanBWaGJ6ckxJb3dXTndFZ21IVmp4UlUKajZlNVM1bFJYNjlCV1R4MzlnZHFKWlBBYW1jalVZR2gvQWxYZkdQeEZQNm96NVZpTGJwU2hjajlwR2RBc2JCbApPdE5jdHAvVGZheUhkYzM4ZWpjcFRIQ3d4ZnJQQWdNQkFBR2pXVEJYTUE0R0ExVWREd0VCL3dRRUF3SUNwREFQCkJnTlZIUk1CQWY4RUJUQURBUUgvTUIwR0ExVWREZ1FXQkJSWG05QlNkeTArVGcyampCWnpVQktyY3hpN1VqQVYKQmdOVkhSRUVEakFNZ2dwcmRXSmxjbTVsZEdWek1BMEdDU3FHU0liM0RRRUJDd1VBQTRJQkFRQks4VlZpN2VQNQpMRWJoSDBFUEtsZzNtWHJTWFpleHp5dUdTeGpVQTdqd2NOR0hXVUdwbm1uNzFCMzVvenJlZjJsTFRmejd1SExmCndNWG81N2I4NmEvakdLcHZUd2hzTUZQb2RwUU5pN3cvWm5GMXpBRlVHNHlaYXM2cXlFcEdvbjZNNlVzY3Q5QTIKSnhCNmtwOS9yNnJmMDVKdGFucnM1YWNjcW13UmVGOEFibWNvYllHSkx2NlgwaTFtN3NleUwweHRGTXRTUXJ1TwpWN29rRGZNVDdiNUc5aHpPVFl4UG5YbGNiWXZsUVpJbDQwTklFZis4c1RNaU9TdlE3N05BVzd6RG8raitoY3N0ClNpT21uM1VubnZ3ZVQ1dVN4K09yeFNxRnVoa3dmWkVvMEFEcGRkS001ektiMGZYV0ZqbDQ4Nis0RUtkams2RVAKUGxtVW9iM3NhWlVmCi0tLS0tRU5EIENFUlRJRklDQVRFLS0tLS0K"
              }
            ],
            "cluster_id": null,
            "compute_config": [],
            "created_at": "2025-05-13T08:14:33Z",
            "enabled_cluster_log_types": [
              "api",
              "audit",
              "authenticator"
            ],
            "encryption_config": [
              {
                "provider": [
                  {
                    "key_arn": "arn:aws:kms:ap-south-1:440744256104:key/dd816cc0-97f0-48e3-9895-65863019585e"
                  }
                ],
                "resources": [
                  "secrets"
                ]
              }
            ],
            "endpoint": "https://F03AF74AC8810F089ABCDA56FD00B8A4.yl4.ap-south-1.eks.amazonaws.com",
            "force_update_version": null,
            "id": "demo-eks-cluster",
            "identity": [
              {
                "oidc": [
                  {
                    "issuer": "https://oidc.eks.ap-south-1.amazonaws.com/id/F03AF74AC8810F089ABCDA56FD00B8A4"
                  }
                ]
              }
            ],
            "kubernetes_network_config": [
              {
                "elastic_load_balancing": [
                  {
                    "enabled": false
                  }
                ],
                "ip_family": "ipv4",
                "service_ipv4_cidr": "10.100.0.0/16",
                "service_ipv6_cidr": ""
              }
            ],
            "name": "demo-eks-cluster",
            "outpost_config": [],
            "platform_version": "eks.9",
            "remote_network_config": [],
            "role_arn": "arn:aws:iam::440744256104:role/demo-eks-cluster-cluster-20250513081405307800000004",
            "status": "ACTIVE",
            "storage_config": [],
            "tags": {
              "Environment": "dev",
              "Terraform": "true",
              "terraform-aws-modules": "eks"
            },
            "tags_all": {
              "Environment": "dev",
              "Terraform": "true",
              "terraform-aws-modules": "eks"
            },
            "timeouts": {
              "create": null,
              "delete": null,
              "update": null
            },
            "upgrade_policy": [
              {
                "support_type": "EXTENDED"
              }
            ],
            "version": "1.32",
            "vpc_config": [
              {
                "cluster_security_group_id": "sg-07149a596c6e194a8",
                "endpoint_private_access": true,
                "endpoint_public_access": false,
                "public_access_cidrs": [
                  "0.0.0.0/0"
                ],
                "security_group_ids": [
                  "sg-0225d184af94896f9"
                ],
                "subnet_ids": [
                  "subnet-0190aa0be2ee7b2de",
                  "subnet-098751e5b3358bc56"
                ],
                "vpc_id": "vpc-08994501439557c27"
              }
            ],
            "zonal_shift_config": []
          },
          "sensitive_attributes": [],
          "private": "eyJlMmJmYjczMC1lY2FhLTExZTYtOGY4OC0zNDM2M2JjN2M0YzAiOnsiY3JlYXRlIjoxODAwMDAwMDAwMDAwLCJkZWxldGUiOjkwMDAwMDAwMDAwMCwidXBkYXRlIjozNjAwMDAwMDAwMDAwfSwic2NoZW1hX3ZlcnNpb24iOiIxIn0=",
          "dependencies": [
            "module.eks_cluster.module.eks.aws_cloudwatch_log_group.this",
            "module.eks_cluster.module.eks.aws_iam_policy.cni_ipv6_policy",
            "module.eks_cluster.module.eks.aws_iam_role.this",
            "module.eks_cluster.module.eks.aws_iam_role_policy_attachment.this",
            "module.eks_cluster.module.eks.aws_security_group.cluster",
            "module.eks_cluster.module.eks.aws_security_group.node",
            "module.eks_cluster.module.eks.aws_security_group_rule.cluster",
            "module.eks_cluster.module.eks.aws_security_group_rule.node",
            "module.eks_cluster.module.eks.data.aws_iam_policy_document.assume_role_policy",
            "module.eks_cluster.module.eks.data.aws_iam_session_context.current",
            "module.eks_cluster.module.eks.data.aws_partition.current",
            "module.eks_cluster.module.eks.module.kms.aws_kms_external_key.this",
            "module.eks_cluster.module.eks.module.kms.aws_kms_key.this",
            "module.eks_cluster.module.eks.module.kms.aws_kms_replica_external_key.this",
            "module.eks_cluster.module.eks.module.kms.aws_kms_replica_key.this",
            "module.eks_cluster.module.eks.module.kms.data.aws_caller_identity.current",
            "module.eks_cluster.module.eks.module.kms.data.aws_iam_policy_document.this",
            "module.eks_cluster.module.eks.module.kms.data.aws_partition.current"
          ],
          "create_before_destroy": true
        }
      ]
    },
    {
      "module": "module.eks_cluster.module.eks",
      "mode": "managed",
      "type": "aws_iam_openid_connect_provider",
      "name": "oidc_provider",
      "provider": "provider[\"registry.terraform.io/hashicorp/aws\"]",
      "instances": [
        {
          "index_key": 0,
          "schema_version": 0,
          "attributes": {
            "arn": "arn:aws:iam::440744256104:oidc-provider/oidc.eks.ap-south-1.amazonaws.com/id/F03AF74AC8810F089ABCDA56FD00B8A4",
            "client_id_list": [
              "sts.amazonaws.com"
            ],
            "id": "arn:aws:iam::440744256104:oidc-provider/oidc.eks.ap-south-1.amazonaws.com/id/F03AF74AC8810F089ABCDA56FD00B8A4",
            "tags": {
              "Environment": "dev",
              "Name": "demo-eks-cluster-eks-irsa",
              "Terraform": "true"
            },
            "tags_all": {
              "Environment": "dev",
              "Name": "demo-eks-cluster-eks-irsa",
              "Terraform": "true"
            },
            "thumbprint_list": [
              "06b25927c42a721631c1efd9431e648fa62e1e39"
            ],
            "url": "oidc.eks.ap-south-1.amazonaws.com/id/F03AF74AC8810F089ABCDA56FD00B8A4"
          },
          "sensitive_attributes": [],
          "private": "bnVsbA==",
          "dependencies": [
            "module.eks_cluster.module.eks.aws_cloudwatch_log_group.this",
            "module.eks_cluster.module.eks.aws_eks_cluster.this",
            "module.eks_cluster.module.eks.aws_iam_policy.cni_ipv6_policy",
            "module.eks_cluster.module.eks.aws_iam_role.this",
            "module.eks_cluster.module.eks.aws_iam_role_policy_attachment.this",
            "module.eks_cluster.module.eks.aws_security_group.cluster",
            "module.eks_cluster.module.eks.aws_security_group.node",
            "module.eks_cluster.module.eks.aws_security_group_rule.cluster",
            "module.eks_cluster.module.eks.aws_security_group_rule.node",
            "module.eks_cluster.module.eks.data.aws_iam_policy_document.assume_role_policy",
            "module.eks_cluster.module.eks.data.aws_iam_session_context.current",
            "module.eks_cluster.module.eks.data.aws_partition.current",
            "module.eks_cluster.module.eks.data.tls_certificate.this",
            "module.eks_cluster.module.eks.module.kms.aws_kms_external_key.this",
            "module.eks_cluster.module.eks.module.kms.aws_kms_key.this",
            "module.eks_cluster.module.eks.module.kms.aws_kms_replica_external_key.this",
            "module.eks_cluster.module.eks.module.kms.aws_kms_replica_key.this",
            "module.eks_cluster.module.eks.module.kms.data.aws_caller_identity.current",
            "module.eks_cluster.module.eks.module.kms.data.aws_iam_policy_document.this",
            "module.eks_cluster.module.eks.module.kms.data.aws_partition.current"
          ]
        }
      ]
    },
    {
      "module": "module.eks_cluster.module.eks",
      "mode": "managed",
      "type": "aws_iam_policy",
      "name": "cluster_encryption",
      "provider": "provider[\"registry.terraform.io/hashicorp/aws\"]",
      "instances": [
        {
          "index_key": 0,
          "schema_version": 0,
          "attributes": {
            "arn": "arn:aws:iam::440744256104:policy/demo-eks-cluster-cluster-ClusterEncryption2025051308143115330000000b",
            "attachment_count": 0,
            "description": "Cluster encryption policy to allow cluster role to utilize CMK provided",
            "id": "arn:aws:iam::440744256104:policy/demo-eks-cluster-cluster-ClusterEncryption2025051308143115330000000b",
            "name": "demo-eks-cluster-cluster-ClusterEncryption2025051308143115330000000b",
            "name_prefix": "demo-eks-cluster-cluster-ClusterEncryption",
            "path": "/",
            "policy": "{\"Statement\":[{\"Action\":[\"kms:Encrypt\",\"kms:Decrypt\",\"kms:ListGrants\",\"kms:DescribeKey\"],\"Effect\":\"Allow\",\"Resource\":\"arn:aws:kms:ap-south-1:440744256104:key/dd816cc0-97f0-48e3-9895-65863019585e\"}],\"Version\":\"2012-10-17\"}",
            "policy_id": "ANPAWNHTHUJUJ57PLAYJ2",
            "tags": {
              "Environment": "dev",
              "Terraform": "true"
            },
            "tags_all": {
              "Environment": "dev",
              "Terraform": "true"
            }
          },
          "sensitive_attributes": [],
          "private": "bnVsbA==",
          "dependencies": [
            "module.eks_cluster.module.eks.aws_iam_role.this",
            "module.eks_cluster.module.eks.data.aws_iam_policy_document.assume_role_policy",
            "module.eks_cluster.module.eks.data.aws_iam_session_context.current",
            "module.eks_cluster.module.eks.module.kms.aws_kms_external_key.this",
            "module.eks_cluster.module.eks.module.kms.aws_kms_key.this",
            "module.eks_cluster.module.eks.module.kms.aws_kms_replica_external_key.this",
            "module.eks_cluster.module.eks.module.kms.aws_kms_replica_key.this",
            "module.eks_cluster.module.eks.module.kms.data.aws_caller_identity.current",
            "module.eks_cluster.module.eks.module.kms.data.aws_iam_policy_document.this",
            "module.eks_cluster.module.eks.module.kms.data.aws_partition.current"
          ]
        }
      ]
    },
    {
      "module": "module.eks_cluster.module.eks",
      "mode": "managed",
      "type": "aws_iam_role",
      "name": "this",
      "provider": "provider[\"registry.terraform.io/hashicorp/aws\"]",
      "instances": [
        {
          "index_key": 0,
          "schema_version": 0,
          "attributes": {
            "arn": "arn:aws:iam::440744256104:role/demo-eks-cluster-cluster-20250513081405307800000004",
            "assume_role_policy": "{\"Statement\":[{\"Action\":\"sts:AssumeRole\",\"Effect\":\"Allow\",\"Principal\":{\"Service\":\"eks.amazonaws.com\"},\"Sid\":\"EKSClusterAssumeRole\"}],\"Version\":\"2012-10-17\"}",
            "create_date": "2025-05-13T08:14:06Z",
            "description": "",
            "force_detach_policies": true,
            "id": "demo-eks-cluster-cluster-20250513081405307800000004",
            "inline_policy": [
              {
                "name": "demo-eks-cluster-cluster",
                "policy": "{\"Version\":\"2012-10-17\",\"Statement\":[{\"Action\":[\"logs:CreateLogGroup\"],\"Effect\":\"Deny\",\"Resource\":\"*\"}]}"
              }
            ],
            "managed_policy_arns": [],
            "max_session_duration": 3600,
            "name": "demo-eks-cluster-cluster-20250513081405307800000004",
            "name_prefix": "demo-eks-cluster-cluster-",
            "path": "/",
            "permissions_boundary": "",
            "tags": {
              "Environment": "dev",
              "Terraform": "true"
            },
            "tags_all": {
              "Environment": "dev",
              "Terraform": "true"
            },
            "unique_id": "AROAWNHTHUJUOLFHB5RDE"
          },
          "sensitive_attributes": [],
          "private": "bnVsbA==",
          "dependencies": [
            "module.eks_cluster.module.eks.data.aws_iam_policy_document.assume_role_policy"
          ],
          "create_before_destroy": true
        }
      ]
    },
    {
      "module": "module.eks_cluster.module.eks",
      "mode": "managed",
      "type": "aws_iam_role_policy_attachment",
      "name": "cluster_encryption",
      "provider": "provider[\"registry.terraform.io/hashicorp/aws\"]",
      "instances": [
        {
          "index_key": 0,
          "schema_version": 0,
          "attributes": {
            "id": "demo-eks-cluster-cluster-20250513081405307800000004-2025051308143258780000000c",
            "policy_arn": "arn:aws:iam::440744256104:policy/demo-eks-cluster-cluster-ClusterEncryption2025051308143115330000000b",
            "role": "demo-eks-cluster-cluster-20250513081405307800000004"
          },
          "sensitive_attributes": [],
          "private": "bnVsbA==",
          "dependencies": [
            "module.eks_cluster.module.eks.aws_iam_policy.cluster_encryption",
            "module.eks_cluster.module.eks.aws_iam_role.this",
            "module.eks_cluster.module.eks.data.aws_iam_policy_document.assume_role_policy",
            "module.eks_cluster.module.eks.data.aws_iam_session_context.current",
            "module.eks_cluster.module.eks.module.kms.aws_kms_external_key.this",
            "module.eks_cluster.module.eks.module.kms.aws_kms_key.this",
            "module.eks_cluster.module.eks.module.kms.aws_kms_replica_external_key.this",
            "module.eks_cluster.module.eks.module.kms.aws_kms_replica_key.this",
            "module.eks_cluster.module.eks.module.kms.data.aws_caller_identity.current",
            "module.eks_cluster.module.eks.module.kms.data.aws_iam_policy_document.this",
            "module.eks_cluster.module.eks.module.kms.data.aws_partition.current"
          ]
        }
      ]
    },
    {
      "module": "module.eks_cluster.module.eks",
      "mode": "managed",
      "type": "aws_iam_role_policy_attachment",
      "name": "this",
      "provider": "provider[\"registry.terraform.io/hashicorp/aws\"]",
      "instances": [
        {
          "index_key": "AmazonEKSClusterPolicy",
          "schema_version": 0,
          "attributes": {
            "id": "demo-eks-cluster-cluster-20250513081405307800000004-2025051308141045960000000a",
            "policy_arn": "arn:aws:iam::aws:policy/AmazonEKSClusterPolicy",
            "role": "demo-eks-cluster-cluster-20250513081405307800000004"
          },
          "sensitive_attributes": [],
          "private": "bnVsbA==",
          "dependencies": [
            "module.eks_cluster.module.eks.aws_iam_role.this",
            "module.eks_cluster.module.eks.data.aws_iam_policy_document.assume_role_policy",
            "module.eks_cluster.module.eks.data.aws_partition.current"
          ],
          "create_before_destroy": true
        },
        {
          "index_key": "AmazonEKSVPCResourceController",
          "schema_version": 0,
          "attributes": {
            "id": "demo-eks-cluster-cluster-20250513081405307800000004-20250513081410058600000009",
            "policy_arn": "arn:aws:iam::aws:policy/AmazonEKSVPCResourceController",
            "role": "demo-eks-cluster-cluster-20250513081405307800000004"
          },
          "sensitive_attributes": [],
          "private": "bnVsbA==",
          "dependencies": [
            "module.eks_cluster.module.eks.aws_iam_role.this",
            "module.eks_cluster.module.eks.data.aws_iam_policy_document.assume_role_policy",
            "module.eks_cluster.module.eks.data.aws_partition.current"
          ],
          "create_before_destroy": true
        }
      ]
    },
    {
      "module": "module.eks_cluster.module.eks",
      "mode": "managed",
      "type": "aws_security_group",
      "name": "cluster",
      "provider": "provider[\"registry.terraform.io/hashicorp/aws\"]",
      "instances": [
        {
          "index_key": 0,
          "schema_version": 1,
          "attributes": {
            "arn": "arn:aws:ec2:ap-south-1:440744256104:security-group/sg-0225d184af94896f9",
            "description": "EKS cluster security group",
            "egress": [],
            "id": "sg-0225d184af94896f9",
            "ingress": [],
            "name": "demo-eks-cluster-cluster-20250513081405306600000002",
            "name_prefix": "demo-eks-cluster-cluster-",
            "owner_id": "440744256104",
            "revoke_rules_on_delete": false,
            "tags": {
              "Environment": "dev",
              "Name": "demo-eks-cluster-cluster",
              "Terraform": "true"
            },
            "tags_all": {
              "Environment": "dev",
              "Name": "demo-eks-cluster-cluster",
              "Terraform": "true"
            },
            "timeouts": null,
            "vpc_id": "vpc-08994501439557c27"
          },
          "sensitive_attributes": [],
          "private": "eyJlMmJmYjczMC1lY2FhLTExZTYtOGY4OC0zNDM2M2JjN2M0YzAiOnsiY3JlYXRlIjo2MDAwMDAwMDAwMDAsImRlbGV0ZSI6OTAwMDAwMDAwMDAwfSwic2NoZW1hX3ZlcnNpb24iOiIxIn0=",
          "create_before_destroy": true
        }
      ]
    },
    {
      "module": "module.eks_cluster.module.eks",
      "mode": "managed",
      "type": "aws_security_group",
      "name": "node",
      "provider": "provider[\"registry.terraform.io/hashicorp/aws\"]",
      "instances": [
        {
          "index_key": 0,
          "schema_version": 1,
          "attributes": {
            "arn": "arn:aws:ec2:ap-south-1:440744256104:security-group/sg-06f44adc47b97cfcc",
            "description": "EKS node shared security group",
            "egress": [],
            "id": "sg-06f44adc47b97cfcc",
            "ingress": [],
            "name": "demo-eks-cluster-node-20250513081405305300000001",
            "name_prefix": "demo-eks-cluster-node-",
            "owner_id": "440744256104",
            "revoke_rules_on_delete": false,
            "tags": {
              "Environment": "dev",
              "Name": "demo-eks-cluster-node",
              "Terraform": "true",
              "kubernetes.io/cluster/demo-eks-cluster": "owned"
            },
            "tags_all": {
              "Environment": "dev",
              "Name": "demo-eks-cluster-node",
              "Terraform": "true",
              "kubernetes.io/cluster/demo-eks-cluster": "owned"
            },
            "timeouts": null,
            "vpc_id": "vpc-08994501439557c27"
          },
          "sensitive_attributes": [],
          "private": "eyJlMmJmYjczMC1lY2FhLTExZTYtOGY4OC0zNDM2M2JjN2M0YzAiOnsiY3JlYXRlIjo2MDAwMDAwMDAwMDAsImRlbGV0ZSI6OTAwMDAwMDAwMDAwfSwic2NoZW1hX3ZlcnNpb24iOiIxIn0=",
          "create_before_destroy": true
        }
      ]
    },
    {
      "module": "module.eks_cluster.module.eks",
      "mode": "managed",
      "type": "aws_security_group_rule",
      "name": "cluster",
      "provider": "provider[\"registry.terraform.io/hashicorp/aws\"]",
      "instances": [
        {
          "index_key": "ingress_nodes_443",
          "schema_version": 2,
          "attributes": {
            "cidr_blocks": null,
            "description": "Node groups to cluster API",
            "from_port": 443,
            "id": "sgrule-1056945805",
            "ipv6_cidr_blocks": null,
            "prefix_list_ids": null,
            "protocol": "tcp",
            "security_group_id": "sg-0225d184af94896f9",
            "security_group_rule_id": "sgr-0780f5fd61e819922",
            "self": false,
            "source_security_group_id": "sg-06f44adc47b97cfcc",
            "timeouts": null,
            "to_port": 443,
            "type": "ingress"
          },
          "sensitive_attributes": [],
          "private": "eyJlMmJmYjczMC1lY2FhLTExZTYtOGY4OC0zNDM2M2JjN2M0YzAiOnsiY3JlYXRlIjozMDAwMDAwMDAwMDB9LCJzY2hlbWFfdmVyc2lvbiI6IjIifQ==",
          "dependencies": [
            "module.eks_cluster.module.eks.aws_security_group.cluster",
            "module.eks_cluster.module.eks.aws_security_group.node"
          ],
          "create_before_destroy": true
        }
      ]
    },
    {
      "module": "module.eks_cluster.module.eks",
      "mode": "managed",
      "type": "aws_security_group_rule",
      "name": "node",
      "provider": "provider[\"registry.terraform.io/hashicorp/aws\"]",
      "instances": [
        {
          "index_key": "egress_all",
          "schema_version": 2,
          "attributes": {
            "cidr_blocks": [
              "0.0.0.0/0"
            ],
            "description": "Allow all egress",
            "from_port": 0,
            "id": "sgrule-422436706",
            "ipv6_cidr_blocks": null,
            "prefix_list_ids": [],
            "protocol": "-1",
            "security_group_id": "sg-06f44adc47b97cfcc",
            "security_group_rule_id": "sgr-021015ec00952fe69",
            "self": false,
            "source_security_group_id": null,
            "timeouts": null,
            "to_port": 0,
            "type": "egress"
          },
          "sensitive_attributes": [],
          "private": "eyJlMmJmYjczMC1lY2FhLTExZTYtOGY4OC0zNDM2M2JjN2M0YzAiOnsiY3JlYXRlIjozMDAwMDAwMDAwMDB9LCJzY2hlbWFfdmVyc2lvbiI6IjIifQ==",
          "dependencies": [
            "module.eks_cluster.module.eks.aws_security_group.cluster",
            "module.eks_cluster.module.eks.aws_security_group.node"
          ],
          "create_before_destroy": true
        },
        {
          "index_key": "ingress_cluster_443",
          "schema_version": 2,
          "attributes": {
            "cidr_blocks": null,
            "description": "Cluster API to node groups",
            "from_port": 443,
            "id": "sgrule-2654686712",
            "ipv6_cidr_blocks": null,
            "prefix_list_ids": [],
            "protocol": "tcp",
            "security_group_id": "sg-06f44adc47b97cfcc",
            "security_group_rule_id": "sgr-0ace76cb0e827bbef",
            "self": false,
            "source_security_group_id": "sg-0225d184af94896f9",
            "timeouts": null,
            "to_port": 443,
            "type": "ingress"
          },
          "sensitive_attributes": [],
          "private": "eyJlMmJmYjczMC1lY2FhLTExZTYtOGY4OC0zNDM2M2JjN2M0YzAiOnsiY3JlYXRlIjozMDAwMDAwMDAwMDB9LCJzY2hlbWFfdmVyc2lvbiI6IjIifQ==",
          "dependencies": [
            "module.eks_cluster.module.eks.aws_security_group.cluster",
            "module.eks_cluster.module.eks.aws_security_group.node"
          ],
          "create_before_destroy": true
        },
        {
          "index_key": "ingress_cluster_4443_webhook",
          "schema_version": 2,
          "attributes": {
            "cidr_blocks": null,
            "description": "Cluster API to node 4443/tcp webhook",
            "from_port": 4443,
            "id": "sgrule-3959022975",
            "ipv6_cidr_blocks": null,
            "prefix_list_ids": [],
            "protocol": "tcp",
            "security_group_id": "sg-06f44adc47b97cfcc",
            "security_group_rule_id": "sgr-0fe7185fbe19e2fd7",
            "self": false,
            "source_security_group_id": "sg-0225d184af94896f9",
            "timeouts": null,
            "to_port": 4443,
            "type": "ingress"
          },
          "sensitive_attributes": [],
          "private": "eyJlMmJmYjczMC1lY2FhLTExZTYtOGY4OC0zNDM2M2JjN2M0YzAiOnsiY3JlYXRlIjozMDAwMDAwMDAwMDB9LCJzY2hlbWFfdmVyc2lvbiI6IjIifQ==",
          "dependencies": [
            "module.eks_cluster.module.eks.aws_security_group.cluster",
            "module.eks_cluster.module.eks.aws_security_group.node"
          ],
          "create_before_destroy": true
        },
        {
          "index_key": "ingress_cluster_6443_webhook",
          "schema_version": 2,
          "attributes": {
            "cidr_blocks": null,
            "description": "Cluster API to node 6443/tcp webhook",
            "from_port": 6443,
            "id": "sgrule-582714089",
            "ipv6_cidr_blocks": null,
            "prefix_list_ids": [],
            "protocol": "tcp",
            "security_group_id": "sg-06f44adc47b97cfcc",
            "security_group_rule_id": "sgr-0d8c9d075d74d9231",
            "self": false,
            "source_security_group_id": "sg-0225d184af94896f9",
            "timeouts": null,
            "to_port": 6443,
            "type": "ingress"
          },
          "sensitive_attributes": [],
          "private": "eyJlMmJmYjczMC1lY2FhLTExZTYtOGY4OC0zNDM2M2JjN2M0YzAiOnsiY3JlYXRlIjozMDAwMDAwMDAwMDB9LCJzY2hlbWFfdmVyc2lvbiI6IjIifQ==",
          "dependencies": [
            "module.eks_cluster.module.eks.aws_security_group.cluster",
            "module.eks_cluster.module.eks.aws_security_group.node"
          ],
          "create_before_destroy": true
        },
        {
          "index_key": "ingress_cluster_8443_webhook",
          "schema_version": 2,
          "attributes": {
            "cidr_blocks": null,
            "description": "Cluster API to node 8443/tcp webhook",
            "from_port": 8443,
            "id": "sgrule-837271240",
            "ipv6_cidr_blocks": null,
            "prefix_list_ids": [],
            "protocol": "tcp",
            "security_group_id": "sg-06f44adc47b97cfcc",
            "security_group_rule_id": "sgr-047b57f806a1833e5",
            "self": false,
            "source_security_group_id": "sg-0225d184af94896f9",
            "timeouts": null,
            "to_port": 8443,
            "type": "ingress"
          },
          "sensitive_attributes": [],
          "private": "eyJlMmJmYjczMC1lY2FhLTExZTYtOGY4OC0zNDM2M2JjN2M0YzAiOnsiY3JlYXRlIjozMDAwMDAwMDAwMDB9LCJzY2hlbWFfdmVyc2lvbiI6IjIifQ==",
          "dependencies": [
            "module.eks_cluster.module.eks.aws_security_group.cluster",
            "module.eks_cluster.module.eks.aws_security_group.node"
          ],
          "create_before_destroy": true
        },
        {
          "index_key": "ingress_cluster_9443_webhook",
          "schema_version": 2,
          "attributes": {
            "cidr_blocks": null,
            "description": "Cluster API to node 9443/tcp webhook",
            "from_port": 9443,
            "id": "sgrule-1430686979",
            "ipv6_cidr_blocks": null,
            "prefix_list_ids": [],
            "protocol": "tcp",
            "security_group_id": "sg-06f44adc47b97cfcc",
            "security_group_rule_id": "sgr-06300cbfcc0538a41",
            "self": false,
            "source_security_group_id": "sg-0225d184af94896f9",
            "timeouts": null,
            "to_port": 9443,
            "type": "ingress"
          },
          "sensitive_attributes": [],
          "private": "eyJlMmJmYjczMC1lY2FhLTExZTYtOGY4OC0zNDM2M2JjN2M0YzAiOnsiY3JlYXRlIjozMDAwMDAwMDAwMDB9LCJzY2hlbWFfdmVyc2lvbiI6IjIifQ==",
          "dependencies": [
            "module.eks_cluster.module.eks.aws_security_group.cluster",
            "module.eks_cluster.module.eks.aws_security_group.node"
          ],
          "create_before_destroy": true
        },
        {
          "index_key": "ingress_cluster_kubelet",
          "schema_version": 2,
          "attributes": {
            "cidr_blocks": null,
            "description": "Cluster API to node kubelets",
            "from_port": 10250,
            "id": "sgrule-4233126501",
            "ipv6_cidr_blocks": null,
            "prefix_list_ids": [],
            "protocol": "tcp",
            "security_group_id": "sg-06f44adc47b97cfcc",
            "security_group_rule_id": "sgr-0ae44d09654ba1ef7",
            "self": false,
            "source_security_group_id": "sg-0225d184af94896f9",
            "timeouts": null,
            "to_port": 10250,
            "type": "ingress"
          },
          "sensitive_attributes": [],
          "private": "eyJlMmJmYjczMC1lY2FhLTExZTYtOGY4OC0zNDM2M2JjN2M0YzAiOnsiY3JlYXRlIjozMDAwMDAwMDAwMDB9LCJzY2hlbWFfdmVyc2lvbiI6IjIifQ==",
          "dependencies": [
            "module.eks_cluster.module.eks.aws_security_group.cluster",
            "module.eks_cluster.module.eks.aws_security_group.node"
          ],
          "create_before_destroy": true
        },
        {
          "index_key": "ingress_nodes_ephemeral",
          "schema_version": 2,
          "attributes": {
            "cidr_blocks": null,
            "description": "Node to node ingress on ephemeral ports",
            "from_port": 1025,
            "id": "sgrule-1904596945",
            "ipv6_cidr_blocks": null,
            "prefix_list_ids": [],
            "protocol": "tcp",
            "security_group_id": "sg-06f44adc47b97cfcc",
            "security_group_rule_id": "sgr-0e459abff020a3e3c",
            "self": true,
            "source_security_group_id": null,
            "timeouts": null,
            "to_port": 65535,
            "type": "ingress"
          },
          "sensitive_attributes": [],
          "private": "eyJlMmJmYjczMC1lY2FhLTExZTYtOGY4OC0zNDM2M2JjN2M0YzAiOnsiY3JlYXRlIjozMDAwMDAwMDAwMDB9LCJzY2hlbWFfdmVyc2lvbiI6IjIifQ==",
          "dependencies": [
            "module.eks_cluster.module.eks.aws_security_group.cluster",
            "module.eks_cluster.module.eks.aws_security_group.node"
          ],
          "create_before_destroy": true
        },
        {
          "index_key": "ingress_self_coredns_tcp",
          "schema_version": 2,
          "attributes": {
            "cidr_blocks": null,
            "description": "Node to node CoreDNS",
            "from_port": 53,
            "id": "sgrule-2226672228",
            "ipv6_cidr_blocks": null,
            "prefix_list_ids": [],
            "protocol": "tcp",
            "security_group_id": "sg-06f44adc47b97cfcc",
            "security_group_rule_id": "sgr-0b8677338c04fae0d",
            "self": true,
            "source_security_group_id": null,
            "timeouts": null,
            "to_port": 53,
            "type": "ingress"
          },
          "sensitive_attributes": [],
          "private": "eyJlMmJmYjczMC1lY2FhLTExZTYtOGY4OC0zNDM2M2JjN2M0YzAiOnsiY3JlYXRlIjozMDAwMDAwMDAwMDB9LCJzY2hlbWFfdmVyc2lvbiI6IjIifQ==",
          "dependencies": [
            "module.eks_cluster.module.eks.aws_security_group.cluster",
            "module.eks_cluster.module.eks.aws_security_group.node"
          ],
          "create_before_destroy": true
        },
        {
          "index_key": "ingress_self_coredns_udp",
          "schema_version": 2,
          "attributes": {
            "cidr_blocks": null,
            "description": "Node to node CoreDNS UDP",
            "from_port": 53,
            "id": "sgrule-552071563",
            "ipv6_cidr_blocks": null,
            "prefix_list_ids": [],
            "protocol": "udp",
            "security_group_id": "sg-06f44adc47b97cfcc",
            "security_group_rule_id": "sgr-0b5587dbee06683f4",
            "self": true,
            "source_security_group_id": null,
            "timeouts": null,
            "to_port": 53,
            "type": "ingress"
          },
          "sensitive_attributes": [],
          "private": "eyJlMmJmYjczMC1lY2FhLTExZTYtOGY4OC0zNDM2M2JjN2M0YzAiOnsiY3JlYXRlIjozMDAwMDAwMDAwMDB9LCJzY2hlbWFfdmVyc2lvbiI6IjIifQ==",
          "dependencies": [
            "module.eks_cluster.module.eks.aws_security_group.cluster",
            "module.eks_cluster.module.eks.aws_security_group.node"
          ],
          "create_before_destroy": true
        }
      ]
    },
    {
      "module": "module.eks_cluster.module.eks",
      "mode": "managed",
      "type": "time_sleep",
      "name": "this",
      "provider": "provider[\"registry.terraform.io/hashicorp/time\"]",
      "instances": [
        {
          "index_key": 0,
          "schema_version": 0,
          "attributes": {
            "create_duration": "30s",
            "destroy_duration": null,
            "id": "2025-05-13T08:23:24Z",
            "triggers": {
              "cluster_certificate_authority_data": "LS0tLS1CRUdJTiBDRVJUSUZJQ0FURS0tLS0tCk1JSURCVENDQWUyZ0F3SUJBZ0lJQkQrVGlxU1cvK0l3RFFZSktvWklodmNOQVFFTEJRQXdGVEVUTUJFR0ExVUUKQXhNS2EzVmlaWEp1WlhSbGN6QWVGdzB5TlRBMU1UTXdPREV6TkRCYUZ3MHpOVEExTVRFd09ERTROREJhTUJVeApFekFSQmdOVkJBTVRDbXQxWW1WeWJtVjBaWE13Z2dFaU1BMEdDU3FHU0liM0RRRUJBUVVBQTRJQkR3QXdnZ0VLCkFvSUJBUUN4N0FBZ0tSdlY5RjhYeHJmVGQ1bFNHeU94TERWaklpaTQzNWRocFlOZFRXNWxjYXZaK0J0SHRqSEcKY3Y3eG5nYWRvLzRUWTViMmdOMXVibW5UVG1uZnpLNng3YXlZdWhEb2M5OTNzYnc1VHhENzFZVWdZb2xGUEhqOQoxUmU1Rzl2ZkxjQ0F2S0pENnVrckdrTTd6WUs5a0htTW1vWS9aaENWOUltUXY0VXVFQzVOZXJkWndDc2lpc3B2Ckd2ZjBpeTA2NGFjc09KUkRmVDF1TTBBVENBbSttckRuTjVXS3BPMkJBanBWaGJ6ckxJb3dXTndFZ21IVmp4UlUKajZlNVM1bFJYNjlCV1R4MzlnZHFKWlBBYW1jalVZR2gvQWxYZkdQeEZQNm96NVZpTGJwU2hjajlwR2RBc2JCbApPdE5jdHAvVGZheUhkYzM4ZWpjcFRIQ3d4ZnJQQWdNQkFBR2pXVEJYTUE0R0ExVWREd0VCL3dRRUF3SUNwREFQCkJnTlZIUk1CQWY4RUJUQURBUUgvTUIwR0ExVWREZ1FXQkJSWG05QlNkeTArVGcyampCWnpVQktyY3hpN1VqQVYKQmdOVkhSRUVEakFNZ2dwcmRXSmxjbTVsZEdWek1BMEdDU3FHU0liM0RRRUJDd1VBQTRJQkFRQks4VlZpN2VQNQpMRWJoSDBFUEtsZzNtWHJTWFpleHp5dUdTeGpVQTdqd2NOR0hXVUdwbm1uNzFCMzVvenJlZjJsTFRmejd1SExmCndNWG81N2I4NmEvakdLcHZUd2hzTUZQb2RwUU5pN3cvWm5GMXpBRlVHNHlaYXM2cXlFcEdvbjZNNlVzY3Q5QTIKSnhCNmtwOS9yNnJmMDVKdGFucnM1YWNjcW13UmVGOEFibWNvYllHSkx2NlgwaTFtN3NleUwweHRGTXRTUXJ1TwpWN29rRGZNVDdiNUc5aHpPVFl4UG5YbGNiWXZsUVpJbDQwTklFZis4c1RNaU9TdlE3N05BVzd6RG8raitoY3N0ClNpT21uM1VubnZ3ZVQ1dVN4K09yeFNxRnVoa3dmWkVvMEFEcGRkS001ektiMGZYV0ZqbDQ4Nis0RUtkams2RVAKUGxtVW9iM3NhWlVmCi0tLS0tRU5EIENFUlRJRklDQVRFLS0tLS0K",
              "cluster_endpoint": "https://F03AF74AC8810F089ABCDA56FD00B8A4.yl4.ap-south-1.eks.amazonaws.com",
              "cluster_name": "demo-eks-cluster",
              "cluster_service_cidr": "10.100.0.0/16",
              "cluster_version": "1.32"
            }
          },
          "sensitive_attributes": [],
          "dependencies": [
            "module.eks_cluster.module.eks.aws_cloudwatch_log_group.this",
            "module.eks_cluster.module.eks.aws_eks_cluster.this",
            "module.eks_cluster.module.eks.aws_iam_policy.cni_ipv6_policy",
            "module.eks_cluster.module.eks.aws_iam_role.this",
            "module.eks_cluster.module.eks.aws_iam_role_policy_attachment.this",
            "module.eks_cluster.module.eks.aws_security_group.cluster",
            "module.eks_cluster.module.eks.aws_security_group.node",
            "module.eks_cluster.module.eks.aws_security_group_rule.cluster",
            "module.eks_cluster.module.eks.aws_security_group_rule.node",
            "module.eks_cluster.module.eks.data.aws_iam_policy_document.assume_role_policy",
            "module.eks_cluster.module.eks.data.aws_iam_session_context.current",
            "module.eks_cluster.module.eks.data.aws_partition.current",
            "module.eks_cluster.module.eks.module.kms.aws_kms_external_key.this",
            "module.eks_cluster.module.eks.module.kms.aws_kms_key.this",
            "module.eks_cluster.module.eks.module.kms.aws_kms_replica_external_key.this",
            "module.eks_cluster.module.eks.module.kms.aws_kms_replica_key.this",
            "module.eks_cluster.module.eks.module.kms.data.aws_caller_identity.current",
            "module.eks_cluster.module.eks.module.kms.data.aws_iam_policy_document.this",
            "module.eks_cluster.module.eks.module.kms.data.aws_partition.current"
          ],
          "create_before_destroy": true
        }
      ]
    },
    {
      "module": "module.eks_cluster.module.eks.module.eks_managed_node_group[\"default\"]",
      "mode": "data",
      "type": "aws_caller_identity",
      "name": "current",
      "provider": "provider[\"registry.terraform.io/hashicorp/aws\"]",
      "instances": [
        {
          "schema_version": 0,
          "attributes": {
            "account_id": "440744256104",
            "arn": "arn:aws:iam::440744256104:root",
            "id": "440744256104",
            "user_id": "440744256104"
          },
          "sensitive_attributes": []
        }
      ]
    },
    {
      "module": "module.eks_cluster.module.eks.module.eks_managed_node_group[\"default\"]",
      "mode": "data",
      "type": "aws_iam_policy_document",
      "name": "assume_role_policy",
      "provider": "provider[\"registry.terraform.io/hashicorp/aws\"]",
      "instances": [
        {
          "index_key": 0,
          "schema_version": 0,
          "attributes": {
            "id": "2560088296",
            "json": "{\n  \"Version\": \"2012-10-17\",\n  \"Statement\": [\n    {\n      \"Sid\": \"EKSNodeAssumeRole\",\n      \"Effect\": \"Allow\",\n      \"Action\": \"sts:AssumeRole\",\n      \"Principal\": {\n        \"Service\": \"ec2.amazonaws.com\"\n      }\n    }\n  ]\n}",
            "minified_json": "{\"Version\":\"2012-10-17\",\"Statement\":[{\"Sid\":\"EKSNodeAssumeRole\",\"Effect\":\"Allow\",\"Action\":\"sts:AssumeRole\",\"Principal\":{\"Service\":\"ec2.amazonaws.com\"}}]}",
            "override_json": null,
            "override_policy_documents": null,
            "policy_id": null,
            "source_json": null,
            "source_policy_documents": null,
            "statement": [
              {
                "actions": [
                  "sts:AssumeRole"
                ],
                "condition": [],
                "effect": "Allow",
                "not_actions": [],
                "not_principals": [],
                "not_resources": [],
                "principals": [
                  {
                    "identifiers": [
                      "ec2.amazonaws.com"
                    ],
                    "type": "Service"
                  }
                ],
                "resources": [],
                "sid": "EKSNodeAssumeRole"
              }
            ],
            "version": "2012-10-17"
          },
          "sensitive_attributes": []
        }
      ]
    },
    {
      "module": "module.eks_cluster.module.eks.module.eks_managed_node_group[\"default\"]",
      "mode": "data",
      "type": "aws_partition",
      "name": "current",
      "provider": "provider[\"registry.terraform.io/hashicorp/aws\"]",
      "instances": [
        {
          "schema_version": 0,
          "attributes": {
            "dns_suffix": "amazonaws.com",
            "id": "aws",
            "partition": "aws",
            "reverse_dns_prefix": "com.amazonaws"
          },
          "sensitive_attributes": []
        }
      ]
    },
    {
      "module": "module.eks_cluster.module.eks.module.eks_managed_node_group[\"default\"]",
      "mode": "managed",
      "type": "aws_eks_node_group",
      "name": "this",
      "provider": "provider[\"registry.terraform.io/hashicorp/aws\"]",
      "instances": [
        {
          "index_key": 0,
          "schema_version": 0,
          "attributes": {
            "ami_type": "AL2023_x86_64_STANDARD",
            "arn": "arn:aws:eks:ap-south-1:440744256104:nodegroup/demo-eks-cluster/demo-deployment-2025051308233054410000000f/60cb645e-f31d-ee72-3183-94d7967254f1",
            "capacity_type": "ON_DEMAND",
            "cluster_name": "demo-eks-cluster",
            "disk_size": 0,
            "force_update_version": null,
            "id": "demo-eks-cluster:demo-deployment-2025051308233054410000000f",
            "instance_types": [
              "t2.medium"
            ],
            "labels": null,
            "launch_template": [
              {
                "id": "lt-0b8ee8abb15320721",
                "name": "default-2025051308232482320000000d",
                "version": "1"
              }
            ],
            "node_group_name": "demo-deployment-2025051308233054410000000f",
            "node_group_name_prefix": "demo-deployment-",
            "node_repair_config": [],
            "node_role_arn": "arn:aws:iam::440744256104:role/demo-deployment-eks-node-group-20250513081405307100000003",
            "release_version": "1.32.3-20250505",
            "remote_access": [],
            "resources": [
              {
                "autoscaling_groups": [
                  {
                    "name": "eks-demo-deployment-2025051308233054410000000f-60cb645e-f31d-ee72-3183-94d7967254f1"
                  }
                ],
                "remote_access_security_group_id": ""
              }
            ],
            "scaling_config": [
              {
                "desired_size": 2,
                "max_size": 2,
                "min_size": 1
              }
            ],
            "status": "ACTIVE",
            "subnet_ids": [
              "subnet-0190aa0be2ee7b2de",
              "subnet-098751e5b3358bc56"
            ],
            "tags": {
              "Environment": "dev",
              "Name": "demo-deployment",
              "Terraform": "true"
            },
            "tags_all": {
              "Environment": "dev",
              "Name": "demo-deployment",
              "Terraform": "true"
            },
            "taint": [],
            "timeouts": {
              "create": null,
              "delete": null,
              "update": null
            },
            "update_config": [
              {
                "max_unavailable": 0,
                "max_unavailable_percentage": 33
              }
            ],
            "version": "1.32"
          },
          "sensitive_attributes": [],
          "private": "eyJlMmJmYjczMC1lY2FhLTExZTYtOGY4OC0zNDM2M2JjN2M0YzAiOnsiY3JlYXRlIjozNjAwMDAwMDAwMDAwLCJkZWxldGUiOjM2MDAwMDAwMDAwMDAsInVwZGF0ZSI6MzYwMDAwMDAwMDAwMH19",
          "dependencies": [
            "module.eks_cluster.module.eks.aws_cloudwatch_log_group.this",
            "module.eks_cluster.module.eks.aws_eks_cluster.this",
            "module.eks_cluster.module.eks.aws_iam_policy.cni_ipv6_policy",
            "module.eks_cluster.module.eks.aws_iam_role.this",
            "module.eks_cluster.module.eks.aws_iam_role_policy_attachment.this",
            "module.eks_cluster.module.eks.aws_security_group.cluster",
            "module.eks_cluster.module.eks.aws_security_group.node",
            "module.eks_cluster.module.eks.aws_security_group_rule.cluster",
            "module.eks_cluster.module.eks.aws_security_group_rule.node",
            "module.eks_cluster.module.eks.data.aws_iam_policy_document.assume_role_policy",
            "module.eks_cluster.module.eks.data.aws_iam_session_context.current",
            "module.eks_cluster.module.eks.data.aws_partition.current",
            "module.eks_cluster.module.eks.module.eks_managed_node_group.aws_iam_role.this",
            "module.eks_cluster.module.eks.module.eks_managed_node_group.aws_iam_role_policy_attachment.this",
            "module.eks_cluster.module.eks.module.eks_managed_node_group.aws_launch_template.this",
            "module.eks_cluster.module.eks.module.eks_managed_node_group.aws_placement_group.this",
            "module.eks_cluster.module.eks.module.eks_managed_node_group.data.aws_caller_identity.current",
            "module.eks_cluster.module.eks.module.eks_managed_node_group.data.aws_ec2_instance_type.this",
            "module.eks_cluster.module.eks.module.eks_managed_node_group.data.aws_iam_policy_document.assume_role_policy",
            "module.eks_cluster.module.eks.module.eks_managed_node_group.data.aws_partition.current",
            "module.eks_cluster.module.eks.module.eks_managed_node_group.data.aws_ssm_parameter.ami",
            "module.eks_cluster.module.eks.module.eks_managed_node_group.data.aws_subnets.efa",
            "module.eks_cluster.module.eks.module.eks_managed_node_group.module.user_data.data.cloudinit_config.al2023_eks_managed_node_group",
            "module.eks_cluster.module.eks.module.eks_managed_node_group.module.user_data.data.cloudinit_config.linux_eks_managed_node_group",
            "module.eks_cluster.module.eks.module.kms.aws_kms_external_key.this",
            "module.eks_cluster.module.eks.module.kms.aws_kms_key.this",
            "module.eks_cluster.module.eks.module.kms.aws_kms_replica_external_key.this",
            "module.eks_cluster.module.eks.module.kms.aws_kms_replica_key.this",
            "module.eks_cluster.module.eks.module.kms.data.aws_caller_identity.current",
            "module.eks_cluster.module.eks.module.kms.data.aws_iam_policy_document.this",
            "module.eks_cluster.module.eks.module.kms.data.aws_partition.current",
            "module.eks_cluster.module.eks.time_sleep.this"
          ],
          "create_before_destroy": true
        }
      ]
    },
    {
      "module": "module.eks_cluster.module.eks.module.eks_managed_node_group[\"default\"]",
      "mode": "managed",
      "type": "aws_iam_role",
      "name": "this",
      "provider": "provider[\"registry.terraform.io/hashicorp/aws\"]",
      "instances": [
        {
          "index_key": 0,
          "schema_version": 0,
          "attributes": {
            "arn": "arn:aws:iam::440744256104:role/demo-deployment-eks-node-group-20250513081405307100000003",
            "assume_role_policy": "{\"Statement\":[{\"Action\":\"sts:AssumeRole\",\"Effect\":\"Allow\",\"Principal\":{\"Service\":\"ec2.amazonaws.com\"},\"Sid\":\"EKSNodeAssumeRole\"}],\"Version\":\"2012-10-17\"}",
            "create_date": "2025-05-13T08:14:06Z",
            "description": "EKS managed node group IAM role",
            "force_detach_policies": true,
            "id": "demo-deployment-eks-node-group-20250513081405307100000003",
            "inline_policy": [],
            "managed_policy_arns": [],
            "max_session_duration": 3600,
            "name": "demo-deployment-eks-node-group-20250513081405307100000003",
            "name_prefix": "demo-deployment-eks-node-group-",
            "path": "/",
            "permissions_boundary": "",
            "tags": {
              "Environment": "dev",
              "Terraform": "true"
            },
            "tags_all": {
              "Environment": "dev",
              "Terraform": "true"
            },
            "unique_id": "AROAWNHTHUJUP372TEEVX"
          },
          "sensitive_attributes": [],
          "private": "bnVsbA==",
          "dependencies": [
            "module.eks_cluster.module.eks.module.eks_managed_node_group.data.aws_iam_policy_document.assume_role_policy"
          ],
          "create_before_destroy": true
        }
      ]
    },
    {
      "module": "module.eks_cluster.module.eks.module.eks_managed_node_group[\"default\"]",
      "mode": "managed",
      "type": "aws_iam_role_policy_attachment",
      "name": "this",
      "provider": "provider[\"registry.terraform.io/hashicorp/aws\"]",
      "instances": [
        {
          "index_key": "AmazonEC2ContainerRegistryReadOnly",
          "schema_version": 0,
          "attributes": {
            "id": "demo-deployment-eks-node-group-20250513081405307100000003-20250513081409937000000008",
            "policy_arn": "arn:aws:iam::aws:policy/AmazonEC2ContainerRegistryReadOnly",
            "role": "demo-deployment-eks-node-group-20250513081405307100000003"
          },
          "sensitive_attributes": [],
          "private": "bnVsbA==",
          "dependencies": [
            "module.eks_cluster.module.eks.module.eks_managed_node_group.aws_iam_role.this",
            "module.eks_cluster.module.eks.module.eks_managed_node_group.data.aws_caller_identity.current",
            "module.eks_cluster.module.eks.module.eks_managed_node_group.data.aws_iam_policy_document.assume_role_policy",
            "module.eks_cluster.module.eks.module.eks_managed_node_group.data.aws_partition.current"
          ],
          "create_before_destroy": true
        },
        {
          "index_key": "AmazonEKSWorkerNodePolicy",
          "schema_version": 0,
          "attributes": {
            "id": "demo-deployment-eks-node-group-20250513081405307100000003-20250513081409671600000007",
            "policy_arn": "arn:aws:iam::aws:policy/AmazonEKSWorkerNodePolicy",
            "role": "demo-deployment-eks-node-group-20250513081405307100000003"
          },
          "sensitive_attributes": [],
          "private": "bnVsbA==",
          "dependencies": [
            "module.eks_cluster.module.eks.module.eks_managed_node_group.aws_iam_role.this",
            "module.eks_cluster.module.eks.module.eks_managed_node_group.data.aws_caller_identity.current",
            "module.eks_cluster.module.eks.module.eks_managed_node_group.data.aws_iam_policy_document.assume_role_policy",
            "module.eks_cluster.module.eks.module.eks_managed_node_group.data.aws_partition.current"
          ],
          "create_before_destroy": true
        },
        {
          "index_key": "AmazonEKS_CNI_Policy",
          "schema_version": 0,
          "attributes": {
            "id": "demo-deployment-eks-node-group-20250513081405307100000003-20250513081409169900000006",
            "policy_arn": "arn:aws:iam::aws:policy/AmazonEKS_CNI_Policy",
            "role": "demo-deployment-eks-node-group-20250513081405307100000003"
          },
          "sensitive_attributes": [],
          "private": "bnVsbA==",
          "dependencies": [
            "module.eks_cluster.module.eks.module.eks_managed_node_group.aws_iam_role.this",
            "module.eks_cluster.module.eks.module.eks_managed_node_group.data.aws_caller_identity.current",
            "module.eks_cluster.module.eks.module.eks_managed_node_group.data.aws_iam_policy_document.assume_role_policy",
            "module.eks_cluster.module.eks.module.eks_managed_node_group.data.aws_partition.current"
          ],
          "create_before_destroy": true
        }
      ]
    },
    {
      "module": "module.eks_cluster.module.eks.module.eks_managed_node_group[\"default\"]",
      "mode": "managed",
      "type": "aws_launch_template",
      "name": "this",
      "provider": "provider[\"registry.terraform.io/hashicorp/aws\"]",
      "instances": [
        {
          "index_key": 0,
          "schema_version": 0,
          "attributes": {
            "arn": "arn:aws:ec2:ap-south-1:440744256104:launch-template/lt-0b8ee8abb15320721",
            "block_device_mappings": [],
            "capacity_reservation_specification": [],
            "cpu_options": [],
            "credit_specification": [],
            "default_version": 1,
            "description": "Custom launch template for demo-deployment EKS managed node group",
            "disable_api_stop": false,
            "disable_api_termination": false,
            "ebs_optimized": "",
            "elastic_gpu_specifications": [],
            "elastic_inference_accelerator": [],
            "enclave_options": [],
            "hibernation_options": [],
            "iam_instance_profile": [],
            "id": "lt-0b8ee8abb15320721",
            "image_id": "",
            "instance_initiated_shutdown_behavior": "",
            "instance_market_options": [],
            "instance_requirements": [],
            "instance_type": "",
            "kernel_id": "",
            "key_name": "",
            "latest_version": 1,
            "license_specification": [],
            "maintenance_options": [],
            "metadata_options": [
              {
                "http_endpoint": "enabled",
                "http_protocol_ipv6": "",
                "http_put_response_hop_limit": 2,
                "http_tokens": "required",
                "instance_metadata_tags": ""
              }
            ],
            "monitoring": [
              {
                "enabled": true
              }
            ],
            "name": "default-2025051308232482320000000d",
            "name_prefix": "default-",
            "network_interfaces": [],
            "placement": [],
            "private_dns_name_options": [],
            "ram_disk_id": "",
            "security_group_names": null,
            "tag_specifications": [
              {
                "resource_type": "instance",
                "tags": {
                  "Environment": "dev",
                  "Name": "demo-deployment",
                  "Terraform": "true"
                }
              },
              {
                "resource_type": "network-interface",
                "tags": {
                  "Environment": "dev",
                  "Name": "demo-deployment",
                  "Terraform": "true"
                }
              },
              {
                "resource_type": "volume",
                "tags": {
                  "Environment": "dev",
                  "Name": "demo-deployment",
                  "Terraform": "true"
                }
              }
            ],
            "tags": {
              "Environment": "dev",
              "Terraform": "true"
            },
            "tags_all": {
              "Environment": "dev",
              "Terraform": "true"
            },
            "update_default_version": true,
            "user_data": "",
            "vpc_security_group_ids": [
              "sg-06f44adc47b97cfcc"
            ]
          },
          "sensitive_attributes": [],
          "private": "bnVsbA==",
          "dependencies": [
            "module.eks_cluster.module.eks.aws_cloudwatch_log_group.this",
            "module.eks_cluster.module.eks.aws_eks_cluster.this",
            "module.eks_cluster.module.eks.aws_iam_policy.cni_ipv6_policy",
            "module.eks_cluster.module.eks.aws_iam_role.this",
            "module.eks_cluster.module.eks.aws_iam_role_policy_attachment.this",
            "module.eks_cluster.module.eks.aws_security_group.cluster",
            "module.eks_cluster.module.eks.aws_security_group.node",
            "module.eks_cluster.module.eks.aws_security_group_rule.cluster",
            "module.eks_cluster.module.eks.aws_security_group_rule.node",
            "module.eks_cluster.module.eks.data.aws_iam_policy_document.assume_role_policy",
            "module.eks_cluster.module.eks.data.aws_iam_session_context.current",
            "module.eks_cluster.module.eks.data.aws_partition.current",
            "module.eks_cluster.module.eks.module.eks_managed_node_group.aws_iam_role.this",
            "module.eks_cluster.module.eks.module.eks_managed_node_group.aws_iam_role_policy_attachment.this",
            "module.eks_cluster.module.eks.module.eks_managed_node_group.aws_placement_group.this",
            "module.eks_cluster.module.eks.module.eks_managed_node_group.data.aws_caller_identity.current",
            "module.eks_cluster.module.eks.module.eks_managed_node_group.data.aws_ec2_instance_type.this",
            "module.eks_cluster.module.eks.module.eks_managed_node_group.data.aws_iam_policy_document.assume_role_policy",
            "module.eks_cluster.module.eks.module.eks_managed_node_group.data.aws_partition.current",
            "module.eks_cluster.module.eks.module.eks_managed_node_group.module.user_data.data.cloudinit_config.al2023_eks_managed_node_group",
            "module.eks_cluster.module.eks.module.eks_managed_node_group.module.user_data.data.cloudinit_config.linux_eks_managed_node_group",
            "module.eks_cluster.module.eks.module.kms.aws_kms_external_key.this",
            "module.eks_cluster.module.eks.module.kms.aws_kms_key.this",
            "module.eks_cluster.module.eks.module.kms.aws_kms_replica_external_key.this",
            "module.eks_cluster.module.eks.module.kms.aws_kms_replica_key.this",
            "module.eks_cluster.module.eks.module.kms.data.aws_caller_identity.current",
            "module.eks_cluster.module.eks.module.kms.data.aws_iam_policy_document.this",
            "module.eks_cluster.module.eks.module.kms.data.aws_partition.current",
            "module.eks_cluster.module.eks.time_sleep.this"
          ],
          "create_before_destroy": true
        }
      ]
    },
    {
      "module": "module.eks_cluster.module.eks.module.eks_managed_node_group[\"default\"].module.user_data",
      "mode": "managed",
      "type": "null_resource",
      "name": "validate_cluster_service_cidr",
      "provider": "provider[\"registry.terraform.io/hashicorp/null\"]",
      "instances": [
        {
          "schema_version": 0,
          "attributes": {
            "id": "7684710684462950250",
            "triggers": null
          },
          "sensitive_attributes": [],
          "dependencies": [
            "module.eks_cluster.module.eks.aws_cloudwatch_log_group.this",
            "module.eks_cluster.module.eks.aws_eks_cluster.this",
            "module.eks_cluster.module.eks.aws_iam_policy.cni_ipv6_policy",
            "module.eks_cluster.module.eks.aws_iam_role.this",
            "module.eks_cluster.module.eks.aws_iam_role_policy_attachment.this",
            "module.eks_cluster.module.eks.aws_security_group.cluster",
            "module.eks_cluster.module.eks.aws_security_group.node",
            "module.eks_cluster.module.eks.aws_security_group_rule.cluster",
            "module.eks_cluster.module.eks.aws_security_group_rule.node",
            "module.eks_cluster.module.eks.data.aws_iam_policy_document.assume_role_policy",
            "module.eks_cluster.module.eks.data.aws_iam_session_context.current",
            "module.eks_cluster.module.eks.data.aws_partition.current",
            "module.eks_cluster.module.eks.module.kms.aws_kms_external_key.this",
            "module.eks_cluster.module.eks.module.kms.aws_kms_key.this",
            "module.eks_cluster.module.eks.module.kms.aws_kms_replica_external_key.this",
            "module.eks_cluster.module.eks.module.kms.aws_kms_replica_key.this",
            "module.eks_cluster.module.eks.module.kms.data.aws_caller_identity.current",
            "module.eks_cluster.module.eks.module.kms.data.aws_iam_policy_document.this",
            "module.eks_cluster.module.eks.module.kms.data.aws_partition.current",
            "module.eks_cluster.module.eks.time_sleep.this"
          ]
        }
      ]
    },
    {
      "module": "module.eks_cluster.module.eks.module.kms",
      "mode": "data",
      "type": "aws_caller_identity",
      "name": "current",
      "provider": "provider[\"registry.terraform.io/hashicorp/aws\"]",
      "instances": [
        {
          "index_key": 0,
          "schema_version": 0,
          "attributes": {
            "account_id": "440744256104",
            "arn": "arn:aws:iam::440744256104:root",
            "id": "440744256104",
            "user_id": "440744256104"
          },
          "sensitive_attributes": []
        }
      ]
    },
    {
      "module": "module.eks_cluster.module.eks.module.kms",
      "mode": "data",
      "type": "aws_iam_policy_document",
      "name": "this",
      "provider": "provider[\"registry.terraform.io/hashicorp/aws\"]",
      "instances": [
        {
          "index_key": 0,
          "schema_version": 0,
          "attributes": {
            "id": "245644977",
            "json": "{\n  \"Version\": \"2012-10-17\",\n  \"Statement\": [\n    {\n      \"Sid\": \"Default\",\n      \"Effect\": \"Allow\",\n      \"Action\": \"kms:*\",\n      \"Resource\": \"*\",\n      \"Principal\": {\n        \"AWS\": \"arn:aws:iam::440744256104:root\"\n      }\n    },\n    {\n      \"Sid\": \"KeyAdministration\",\n      \"Effect\": \"Allow\",\n      \"Action\": [\n        \"kms:Update*\",\n        \"kms:UntagResource\",\n        \"kms:TagResource\",\n        \"kms:ScheduleKeyDeletion\",\n        \"kms:Revoke*\",\n        \"kms:ReplicateKey\",\n        \"kms:Put*\",\n        \"kms:List*\",\n        \"kms:ImportKeyMaterial\",\n        \"kms:Get*\",\n        \"kms:Enable*\",\n        \"kms:Disable*\",\n        \"kms:Describe*\",\n        \"kms:Delete*\",\n        \"kms:Create*\",\n        \"kms:CancelKeyDeletion\"\n      ],\n      \"Resource\": \"*\",\n      \"Principal\": {\n        \"AWS\": \"arn:aws:iam::440744256104:root\"\n      }\n    },\n    {\n      \"Sid\": \"KeyUsage\",\n      \"Effect\": \"Allow\",\n      \"Action\": [\n        \"kms:ReEncrypt*\",\n        \"kms:GenerateDataKey*\",\n        \"kms:Encrypt\",\n        \"kms:DescribeKey\",\n        \"kms:Decrypt\"\n      ],\n      \"Resource\": \"*\",\n      \"Principal\": {\n        \"AWS\": \"arn:aws:iam::440744256104:role/demo-eks-cluster-cluster-20250513081405307800000004\"\n      }\n    }\n  ]\n}",
            "minified_json": "{\"Version\":\"2012-10-17\",\"Statement\":[{\"Sid\":\"Default\",\"Effect\":\"Allow\",\"Action\":\"kms:*\",\"Resource\":\"*\",\"Principal\":{\"AWS\":\"arn:aws:iam::440744256104:root\"}},{\"Sid\":\"KeyAdministration\",\"Effect\":\"Allow\",\"Action\":[\"kms:Update*\",\"kms:UntagResource\",\"kms:TagResource\",\"kms:ScheduleKeyDeletion\",\"kms:Revoke*\",\"kms:ReplicateKey\",\"kms:Put*\",\"kms:List*\",\"kms:ImportKeyMaterial\",\"kms:Get*\",\"kms:Enable*\",\"kms:Disable*\",\"kms:Describe*\",\"kms:Delete*\",\"kms:Create*\",\"kms:CancelKeyDeletion\"],\"Resource\":\"*\",\"Principal\":{\"AWS\":\"arn:aws:iam::440744256104:root\"}},{\"Sid\":\"KeyUsage\",\"Effect\":\"Allow\",\"Action\":[\"kms:ReEncrypt*\",\"kms:GenerateDataKey*\",\"kms:Encrypt\",\"kms:DescribeKey\",\"kms:Decrypt\"],\"Resource\":\"*\",\"Principal\":{\"AWS\":\"arn:aws:iam::440744256104:role/demo-eks-cluster-cluster-20250513081405307800000004\"}}]}",
            "override_json": null,
            "override_policy_documents": null,
            "policy_id": null,
            "source_json": null,
            "source_policy_documents": null,
            "statement": [
              {
                "actions": [
                  "kms:*"
                ],
                "condition": [],
                "effect": "Allow",
                "not_actions": [],
                "not_principals": [],
                "not_resources": [],
                "principals": [
                  {
                    "identifiers": [
                      "arn:aws:iam::440744256104:root"
                    ],
                    "type": "AWS"
                  }
                ],
                "resources": [
                  "*"
                ],
                "sid": "Default"
              },
              {
                "actions": [
                  "kms:CancelKeyDeletion",
                  "kms:Create*",
                  "kms:Delete*",
                  "kms:Describe*",
                  "kms:Disable*",
                  "kms:Enable*",
                  "kms:Get*",
                  "kms:ImportKeyMaterial",
                  "kms:List*",
                  "kms:Put*",
                  "kms:ReplicateKey",
                  "kms:Revoke*",
                  "kms:ScheduleKeyDeletion",
                  "kms:TagResource",
                  "kms:UntagResource",
                  "kms:Update*"
                ],
                "condition": [],
                "effect": "Allow",
                "not_actions": [],
                "not_principals": [],
                "not_resources": [],
                "principals": [
                  {
                    "identifiers": [
                      "arn:aws:iam::440744256104:root"
                    ],
                    "type": "AWS"
                  }
                ],
                "resources": [
                  "*"
                ],
                "sid": "KeyAdministration"
              },
              {
                "actions": [
                  "kms:Decrypt",
                  "kms:DescribeKey",
                  "kms:Encrypt",
                  "kms:GenerateDataKey*",
                  "kms:ReEncrypt*"
                ],
                "condition": [],
                "effect": "Allow",
                "not_actions": [],
                "not_principals": [],
                "not_resources": [],
                "principals": [
                  {
                    "identifiers": [
                      "arn:aws:iam::440744256104:role/demo-eks-cluster-cluster-20250513081405307800000004"
                    ],
                    "type": "AWS"
                  }
                ],
                "resources": [
                  "*"
                ],
                "sid": "KeyUsage"
              }
            ],
            "version": "2012-10-17"
          },
          "sensitive_attributes": []
        }
      ]
    },
    {
      "module": "module.eks_cluster.module.eks.module.kms",
      "mode": "data",
      "type": "aws_partition",
      "name": "current",
      "provider": "provider[\"registry.terraform.io/hashicorp/aws\"]",
      "instances": [
        {
          "index_key": 0,
          "schema_version": 0,
          "attributes": {
            "dns_suffix": "amazonaws.com",
            "id": "aws",
            "partition": "aws",
            "reverse_dns_prefix": "com.amazonaws"
          },
          "sensitive_attributes": []
        }
      ]
    },
    {
      "module": "module.eks_cluster.module.eks.module.kms",
      "mode": "managed",
      "type": "aws_kms_alias",
      "name": "this",
      "provider": "provider[\"registry.terraform.io/hashicorp/aws\"]",
      "instances": [
        {
          "index_key": "cluster",
          "schema_version": 0,
          "attributes": {
            "arn": "arn:aws:kms:ap-south-1:440744256104:alias/eks/demo-eks-cluster",
            "id": "alias/eks/demo-eks-cluster",
            "name": "alias/eks/demo-eks-cluster",
            "name_prefix": "",
            "target_key_arn": "arn:aws:kms:ap-south-1:440744256104:key/dd816cc0-97f0-48e3-9895-65863019585e",
            "target_key_id": "dd816cc0-97f0-48e3-9895-65863019585e"
          },
          "sensitive_attributes": [],
          "private": "bnVsbA==",
          "dependencies": [
            "module.eks_cluster.module.eks.aws_iam_role.this",
            "module.eks_cluster.module.eks.data.aws_iam_policy_document.assume_role_policy",
            "module.eks_cluster.module.eks.data.aws_iam_session_context.current",
            "module.eks_cluster.module.eks.module.kms.aws_kms_external_key.this",
            "module.eks_cluster.module.eks.module.kms.aws_kms_key.this",
            "module.eks_cluster.module.eks.module.kms.aws_kms_replica_external_key.this",
            "module.eks_cluster.module.eks.module.kms.aws_kms_replica_key.this",
            "module.eks_cluster.module.eks.module.kms.data.aws_caller_identity.current",
            "module.eks_cluster.module.eks.module.kms.data.aws_iam_policy_document.this",
            "module.eks_cluster.module.eks.module.kms.data.aws_partition.current"
          ]
        }
      ]
    },
    {
      "module": "module.eks_cluster.module.eks.module.kms",
      "mode": "managed",
      "type": "aws_kms_key",
      "name": "this",
      "provider": "provider[\"registry.terraform.io/hashicorp/aws\"]",
      "instances": [
        {
          "index_key": 0,
          "schema_version": 0,
          "attributes": {
            "arn": "arn:aws:kms:ap-south-1:440744256104:key/dd816cc0-97f0-48e3-9895-65863019585e",
            "bypass_policy_lockout_safety_check": false,
            "custom_key_store_id": "",
            "customer_master_key_spec": "SYMMETRIC_DEFAULT",
            "deletion_window_in_days": null,
            "description": "demo-eks-cluster cluster encryption key",
            "enable_key_rotation": true,
            "id": "dd816cc0-97f0-48e3-9895-65863019585e",
            "is_enabled": true,
            "key_id": "dd816cc0-97f0-48e3-9895-65863019585e",
            "key_usage": "ENCRYPT_DECRYPT",
            "multi_region": false,
            "policy": "{\"Statement\":[{\"Action\":\"kms:*\",\"Effect\":\"Allow\",\"Principal\":{\"AWS\":\"arn:aws:iam::440744256104:root\"},\"Resource\":\"*\",\"Sid\":\"Default\"},{\"Action\":[\"kms:Update*\",\"kms:UntagResource\",\"kms:TagResource\",\"kms:ScheduleKeyDeletion\",\"kms:Revoke*\",\"kms:ReplicateKey\",\"kms:Put*\",\"kms:List*\",\"kms:ImportKeyMaterial\",\"kms:Get*\",\"kms:Enable*\",\"kms:Disable*\",\"kms:Describe*\",\"kms:Delete*\",\"kms:Create*\",\"kms:CancelKeyDeletion\"],\"Effect\":\"Allow\",\"Principal\":{\"AWS\":\"arn:aws:iam::440744256104:root\"},\"Resource\":\"*\",\"Sid\":\"KeyAdministration\"},{\"Action\":[\"kms:ReEncrypt*\",\"kms:GenerateDataKey*\",\"kms:Encrypt\",\"kms:DescribeKey\",\"kms:Decrypt\"],\"Effect\":\"Allow\",\"Principal\":{\"AWS\":\"arn:aws:iam::440744256104:role/demo-eks-cluster-cluster-20250513081405307800000004\"},\"Resource\":\"*\",\"Sid\":\"KeyUsage\"}],\"Version\":\"2012-10-17\"}",
            "rotation_period_in_days": 365,
            "tags": {
              "Environment": "dev",
              "Terraform": "true",
              "terraform-aws-modules": "eks"
            },
            "tags_all": {
              "Environment": "dev",
              "Terraform": "true",
              "terraform-aws-modules": "eks"
            },
            "timeouts": null,
            "xks_key_id": ""
          },
          "sensitive_attributes": [],
          "private": "eyJlMmJmYjczMC1lY2FhLTExZTYtOGY4OC0zNDM2M2JjN2M0YzAiOnsiY3JlYXRlIjoxMjAwMDAwMDAwMDB9fQ==",
          "dependencies": [
            "module.eks_cluster.module.eks.aws_iam_role.this",
            "module.eks_cluster.module.eks.data.aws_iam_policy_document.assume_role_policy",
            "module.eks_cluster.module.eks.data.aws_iam_session_context.current",
            "module.eks_cluster.module.eks.module.kms.data.aws_caller_identity.current",
            "module.eks_cluster.module.eks.module.kms.data.aws_iam_policy_document.this",
            "module.eks_cluster.module.eks.module.kms.data.aws_partition.current"
          ],
          "create_before_destroy": true
        }
      ]
    },
    {
      "module": "module.key_name",
      "mode": "managed",
      "type": "aws_key_pair",
      "name": "generated",
      "provider": "provider[\"registry.terraform.io/hashicorp/aws\"]",
      "instances": [
        {
          "schema_version": 1,
          "attributes": {
            "arn": "arn:aws:ec2:ap-south-1:440744256104:key-pair/jenkins-server-key",
            "fingerprint": "32:ec:cd:d2:fa:08:6a:4a:f2:72:ec:f0:67:e6:5f:9c",
            "id": "jenkins-server-key",
            "key_name": "jenkins-server-key",
            "key_name_prefix": "",
            "key_pair_id": "key-0469ba19602a36ab5",
            "key_type": "rsa",
            "public_key": "ssh-rsa AAAAB3NzaC1yc2EAAAADAQABAAACAQDq+5ozzzqC7wKb9YKtWY1hxjMEcqCY0KrIn2Gqo3t2UMMpLKxqUdz0hjNP2lg/FP+8YsldeumQDCJuovWtduk8p6yU8hRx511+pvg13BYNjVqk8hCkDjEvrhRP3Wz87L+PjczWaLl+x/nrMgvWi9k3o4oxDLXZJ57BYgg95E9Opoy4LJn0tg7repD+ciBFYga9wq+jXFEKg5dywn7+lfSneuTTagK2j6ZNDDeRzwsJb1349Wy63V3G2WqF2ZwCbTpABph0SaY7r0xdF77GhINGi9yd3DC0Pknqpmu93F2uwr6RXAkX8xQgHqsVktGr9d5rfuxqHfPJDUmqII+ZWp5bF2Hs89ctZp2nviqOSRr/8eEQ9KxxPyScaswCDYJwYHo8xLgK+2amq1FRsLnkJ8AxbajfAg4Hx+tQGGV8lY12T1o8sepIVuXBIti9A4dnBQk3VF6NNRZ4srKkCnKG9LiZ23qPS37CgfayCfhjt39VohiUT5eqAYqZkYB9HpVznCZT5H1gzLcjBmAxaTVaU0yQiqw5P6FUpEUhGgkauyA8/c9WhXAtwbginm1aaDZtDE29P60kBuHQfGAZAuy3bARZG9IJRFe0THjNcRfYRcRUtzm85FTOM643WjnHYa8hNPX9CvfKcVYCbO4XoR8ErEzC21mZubHlx73hZXFNC/PvJw==",
            "tags": null,
            "tags_all": {}
          },
          "sensitive_attributes": [],
          "private": "eyJzY2hlbWFfdmVyc2lvbiI6IjEifQ==",
          "dependencies": [
            "module.key_name.tls_private_key.generated"
          ]
        }
      ]
    },
    {
      "module": "module.key_name",
      "mode": "managed",
      "type": "local_file",
      "name": "private_key_pem",
      "provider": "provider[\"registry.terraform.io/hashicorp/local\"]",
      "instances": [
        {
          "schema_version": 0,
          "attributes": {
            "content": "-----BEGIN RSA PRIVATE KEY-----\nMIIJJwIBAAKCAgEA6vuaM886gu8Cm/WCrVmNYcYzBHKgmNCqyJ9hqqN7dlDDKSys\nalHc9IYzT9pYPxT/vGLJXXrpkAwibqL1rXbpPKeslPIUceddfqb4NdwWDY1apPIQ\npA4xL64UT91s/Oy/j43M1mi5fsf56zIL1ovZN6OKMQy12SeewWIIPeRPTqaMuCyZ\n9LYO63qQ/nIgRWIGvcKvo1xRCoOXcsJ+/pX0p3rk02oCto+mTQw3kc8LCW9d+PVs\nut1dxtlqhdmcAm06QAaYdEmmO69MXRe+xoSDRovcndwwtD5J6qZrvdxdrsK+kVwJ\nF/MUIB6rFZLRq/Xea37sah3zyQ1JqiCPmVqeWxdh7PPXLWadp74qjkka//HhEPSs\ncT8knGrMAg2CcGB6PMS4CvtmpqtRUbC55CfAMW2o3wIOB8frUBhlfJWNdk9aPLHq\nSFblwSLYvQOHZwUJN1RejTUWeLKypApyhvS4mdt6j0t+woH2sgn4Y7d/VaIYlE+X\nqgGKmZGAfR6Vc5wmU+R9YMy3IwZgMWk1WlNMkIqsOT+hVKRFIRoJGrsgPP3PVoVw\nLcG4Ip5tWmg2bQxNvT+tJAbh0HxgGQLst2wEWRvSCURXtEx4zXEX2EXEVLc5vORU\nzjOuN1o5x2GvITT1/Qr3ynFWAmzuF6EfBKxMwttZmbmx5ce94WVxTQvz7ycCAwEA\nAQKCAgAV4slB+hMhDtHXZM5/BtA8QxGNYH/Eu+qsNOwL0J43Lt5+f0KvxGAoBjfR\nQCzn8zS+fxTyN/h5CihK1bK8LU8b7yIL3WA6G6qBmVuU6KLFMF0477LNFOVP447Q\nwXbdN8+/tx1U+vwL6uREG60ulmfs3raISv7E8wO+TzslSJZ6ZNjGbqEIQcyx8gB/\nMnH/BFpMYk2pkXea2xbIAYWCgMUAtFmLt1v5VPfQRUsHsZj9j/nYrkMqRGPvmWBq\nhxIYx8OdIwAgFJv/AxzBrux94Om5MF2j9lYy83o++LEgRd4T4N+O+lt+d41wUGru\n33XX5laI/JFYcOG74Bj0V4QIbIBDHfnQjbNsXAOge0wQNWwdSXkMvtO5f9bx6Ynk\nnFtgUQ+ePTQ19EtVBXeY1w/Dq9CEh8o1NaM7PfAGu2sDGWBAzqyQaOI/G/10KRQy\naYEcF4MxURviniCmqTTnArTWr/YV9SrSw8+vouPlp7XHcp8fHaBHkr4Tsaf09UkR\nfh/Ge2TDMpB0K3kwoWUOYJiX1zwj7LXYmVoieDt84BV2yaIgVwICLyYO/iximRBj\n1D8a/qPltL6WGNQ0yEWV5clcnUi2zNWzZI6o2EkTQ/gBWsKrqHbDu/FZ9gsqknm7\nicCE05TDw96N40rtO0T6b4VuK5ix9BEAxPQ/wvlklUzkh8BmQQKCAQEA7B3WUteE\nU0PsWlMRQ8XDDtsPzZKaFuKGcYKk7Gww2+qEv+Bfi2u5jRwtndCDbcRs0rrPVHMk\nDbSTLIQ4q+UmZo4rhUW4d1wvEHfmlMM+FWM8NSfhj1A9nn/lMoCVCUeamiYFfYnQ\nvU3xId2FsnmQ8ZkdQL9VbgBbfNLr0etHxahZ+okivhx0SweyZt9/GMy93pUYaHq9\n39uoejYYnWmjbw6xCyjfXD6MuJ93VA0t4LZa+OvhuF6lRYRMLBSnnqO6jF4WTi8e\nBkq8E5db+g39kXMhESQLITQOnr1kqImVwGDbEvzCoX7rKMVTYMy7YPza4u6QExl+\nwuEc/PHgKbtgIwKCAQEA/sVTCtsAq1cx33UI3pEuj4yfL83/8OEMOTX7O0IBQs17\nwk6lYH4O+MV8CSgBShSU8uNzVVhrkCMVBKKV7jbQywval4/CnD4SoviuRFfjdTbj\nynHmnT/Sp60zSNpmeoHcOZSgAYYUN+3Y6aN1UkBpOsGt9MXxRjfDZZ7bJbEGIIFj\n9zi9uX5Tsrgg073ZOP2CcqR+e8Z4eKuwgYeQadZkKanH/Mjk3ci8QPCTXdoYrid5\nZnL21vizPyWw2Y8nWGTPUC/UVbHsNf6cZL8BC3Wm3othqrcOlsqoU/dEt0yGQCzQ\naUnNsJpXFxtxMI7GvBf6OWJyav+LSZhXFZAf2vfjLQKCAQArqnjwaRr3qyAStDoF\nJpWkMa8CfZIxmULzyw1lC70dbomOUphY2FtAVW26Oc2Uhzb44cNmAsUwI6z0Fp/E\namRnovM5emNa75lkmkfySwk4O1nvGqkEL/q1TUG9zTnCtZNJ3q41QT9xQvDNKoKH\nNyQvCfn292t9JGPG+drSv4hObYv2YVYjgm+fUJUVoU+H7pVOjJQu/kQPGjhWIZr7\nwYWQDE+BmNV14bt0iUkwKh/J5u98CWN9DUPTT1wm6sr086KUQvItE1miIEAX/23r\nGJtEQt5ipR/JzC7H/I6Y/JjNMxxQrp3v7+DdcWCyDiq5DQoN3cCXR6fBspAB11l1\nXkmxAoIBAATf9bTRd/PPWU7zSFYp5QAuKqWZhXowdDFsDQCXRLrof6O6KYPtJZAx\nByyNrWijeC4lmAFcDcLWSQKrsb67Iceg1G/t+kVPEsA3je4U2G9Xu4gWIdmEbR10\nPPT56NgTQAmCBIXC8QQY8vuVexs1zE2pgxCZ8QHs8zowjfTsrDdXAniqh0bTWfqj\nd01V5qAmiaZz60+m/osgjeIMnADKb2Q0sXTuyyJLQv7jG47CK5K5gqMpM/vtClD9\nAaNID/KrCyR3pdJ18xUdaBStavGzMJw1gornscnE2u+wXYo8Vp1Hvj0lgmAMs/nn\nNoU9ViQnOUx7y8CsXxfraE8rUNC5yYkCggEAHQW+NkTb+5E3TBACoxt4YwwS4Cxn\nCqEzUKcv87A9eHV4lbteuUw/fik2j1op67kaea7dRohH2YMd5Z4JIQo14hokXIFE\nLfh9OZBXK0PUozLE66voOzwb/+2oyU0mpR+Ha40IiVRDuu2EBMvsZlCytpf+LQ8E\ncyz6VrWQerC3b/ou11MuRecE1mpjHw0Yp1/Q+cEXr5xbG/g6aMsdB2OqmDdugYF+\nqc1CwHwdZIEH4waYOl+9ETEMNN5IqOs9yapl6/U9GJ7zImZ+Pb1nQeq80SYlK87s\n7emiGeA3jgMAbF2a6BBBOcGit6ge6TcSPcEMHhb9GUKykznbJ6j5M/Fu7g==\n-----END RSA PRIVATE KEY-----\n",
            "content_base64": null,
            "content_base64sha256": "XTCG4cgU5q5JmoqhTxO105Ca1k8TlEbNPmEf0L5yng8=",
            "content_base64sha512": "tNxFVb2D/8q9/y41qlQR/FiYOz2ztSjN7+WBuWdlXcQkXaC7HX/Q4yi3Nfmxbn4jnjxgv1IQ2rgTc4imGQWIZA==",
            "content_md5": "0290b59cac5b0c579d523c34b1a36d63",
            "content_sha1": "b30b04f588a3425d3d56a52b0a286342c21755b1",
            "content_sha256": "5d3086e1c814e6ae499a8aa14f13b5d3909ad64f139446cd3e611fd0be729e0f",
            "content_sha512": "b4dc4555bd83ffcabdff2e35aa5411fc58983b3db3b528cdefe581b967655dc4245da0bb1d7fd0e328b735f9b16e7e239e3c60bf5210dab8137388a619058864",
            "directory_permission": "0777",
            "file_permission": "0600",
            "filename": "./keys/jenkins-server-key.pem",
            "id": "b30b04f588a3425d3d56a52b0a286342c21755b1",
            "sensitive_content": null,
            "source": null
          },
          "sensitive_attributes": [
            [
              {
                "type": "get_attr",
                "value": "content"
              }
            ]
          ],
          "dependencies": [
            "module.key_name.aws_key_pair.generated",
            "module.key_name.tls_private_key.generated"
          ]
        }
      ]
    },
    {
      "module": "module.key_name",
      "mode": "managed",
      "type": "tls_private_key",
      "name": "generated",
      "provider": "provider[\"registry.terraform.io/hashicorp/tls\"]",
      "instances": [
        {
          "schema_version": 1,
          "attributes": {
            "algorithm": "RSA",
            "ecdsa_curve": "P224",
            "id": "ac28ae246e20a26cebd11eeb9174b764fbb20628",
            "private_key_openssh": "-----BEGIN OPENSSH PRIVATE KEY-----\nb3BlbnNzaC1rZXktdjEAAAAABG5vbmUAAAAEbm9uZQAAAAAAAAABAAACFwAAAAdz\nc2gtcnNhAAAAAwEAAQAAAgEA6vuaM886gu8Cm/WCrVmNYcYzBHKgmNCqyJ9hqqN7\ndlDDKSysalHc9IYzT9pYPxT/vGLJXXrpkAwibqL1rXbpPKeslPIUceddfqb4NdwW\nDY1apPIQpA4xL64UT91s/Oy/j43M1mi5fsf56zIL1ovZN6OKMQy12SeewWIIPeRP\nTqaMuCyZ9LYO63qQ/nIgRWIGvcKvo1xRCoOXcsJ+/pX0p3rk02oCto+mTQw3kc8L\nCW9d+PVsut1dxtlqhdmcAm06QAaYdEmmO69MXRe+xoSDRovcndwwtD5J6qZrvdxd\nrsK+kVwJF/MUIB6rFZLRq/Xea37sah3zyQ1JqiCPmVqeWxdh7PPXLWadp74qjkka\n//HhEPSscT8knGrMAg2CcGB6PMS4CvtmpqtRUbC55CfAMW2o3wIOB8frUBhlfJWN\ndk9aPLHqSFblwSLYvQOHZwUJN1RejTUWeLKypApyhvS4mdt6j0t+woH2sgn4Y7d/\nVaIYlE+XqgGKmZGAfR6Vc5wmU+R9YMy3IwZgMWk1WlNMkIqsOT+hVKRFIRoJGrsg\nPP3PVoVwLcG4Ip5tWmg2bQxNvT+tJAbh0HxgGQLst2wEWRvSCURXtEx4zXEX2EXE\nVLc5vORUzjOuN1o5x2GvITT1/Qr3ynFWAmzuF6EfBKxMwttZmbmx5ce94WVxTQvz\n7ycAAAc4qudJl6rnSZcAAAAHc3NoLXJzYQAAAgEA6vuaM886gu8Cm/WCrVmNYcYz\nBHKgmNCqyJ9hqqN7dlDDKSysalHc9IYzT9pYPxT/vGLJXXrpkAwibqL1rXbpPKes\nlPIUceddfqb4NdwWDY1apPIQpA4xL64UT91s/Oy/j43M1mi5fsf56zIL1ovZN6OK\nMQy12SeewWIIPeRPTqaMuCyZ9LYO63qQ/nIgRWIGvcKvo1xRCoOXcsJ+/pX0p3rk\n02oCto+mTQw3kc8LCW9d+PVsut1dxtlqhdmcAm06QAaYdEmmO69MXRe+xoSDRovc\nndwwtD5J6qZrvdxdrsK+kVwJF/MUIB6rFZLRq/Xea37sah3zyQ1JqiCPmVqeWxdh\n7PPXLWadp74qjkka//HhEPSscT8knGrMAg2CcGB6PMS4CvtmpqtRUbC55CfAMW2o\n3wIOB8frUBhlfJWNdk9aPLHqSFblwSLYvQOHZwUJN1RejTUWeLKypApyhvS4mdt6\nj0t+woH2sgn4Y7d/VaIYlE+XqgGKmZGAfR6Vc5wmU+R9YMy3IwZgMWk1WlNMkIqs\nOT+hVKRFIRoJGrsgPP3PVoVwLcG4Ip5tWmg2bQxNvT+tJAbh0HxgGQLst2wEWRvS\nCURXtEx4zXEX2EXEVLc5vORUzjOuN1o5x2GvITT1/Qr3ynFWAmzuF6EfBKxMwttZ\nmbmx5ce94WVxTQvz7ycAAAADAQABAAACABXiyUH6EyEO0ddkzn8G0DxDEY1gf8S7\n6qw07AvQnjcu3n5/Qq/EYCgGN9FALOfzNL5/FPI3+HkKKErVsrwtTxvvIgvdYDob\nqoGZW5ToosUwXTjvss0U5U/jjtDBdt03z7+3HVT6/Avq5EQbrS6WZ+zetohK/sTz\nA75POyVIlnpk2MZuoQhBzLHyAH8ycf8EWkxiTamRd5rbFsgBhYKAxQC0WYu3W/lU\n99BFSwexmP2P+diuQypEY++ZYGqHEhjHw50jACAUm/8DHMGu7H3g6bkwXaP2VjLz\nej74sSBF3hPg3476W353jXBQau7fddfmVoj8kVhw4bvgGPRXhAhsgEMd+dCNs2xc\nA6B7TBA1bB1JeQy+07l/1vHpieScW2BRD549NDX0S1UFd5jXD8Or0ISHyjU1ozs9\n8Aa7awMZYEDOrJBo4j8b/XQpFDJpgRwXgzFRG+KeIKapNOcCtNav9hX1KtLDz6+i\n4+Wntcdynx8doEeSvhOxp/T1SRF+H8Z7ZMMykHQreTChZQ5gmJfXPCPstdiZWiJ4\nO3zgFXbJoiBXAgIvJg7+LGKZEGPUPxr+o+W0vpYY1DTIRZXlyVydSLbM1bNkjqjY\nSRND+AFawquodsO78Vn2CyqSebuJwITTlMPD3o3jSu07RPpvhW4rmLH0EQDE9D/C\n+WSVTOSHwGZBAAABAB0FvjZE2/uRN0wQAqMbeGMMEuAsZwqhM1CnL/OwPXh1eJW7\nXrlMP34pNo9aKeu5Gnmu3UaIR9mDHeWeCSEKNeIaJFyBRC34fTmQVytD1KMyxOur\n6Ds8G//tqMlNJqUfh2uNCIlUQ7rthATL7GZQsraX/i0PBHMs+la1kHqwt2/6LtdT\nLkXnBNZqYx8NGKdf0PnBF6+cWxv4OmjLHQdjqpg3boGBfqnNQsB8HWSBB+MGmDpf\nvRExDDTeSKjrPcmqZev1PRie8yJmfj29Z0HqvNEmJSvO7O3pohngN44DAGxdmugQ\nQTnBoreoHuk3Ej3BDB4W/RlCspM52yeo+TPxbu4AAAEBAOwd1lLXhFND7FpTEUPF\nww7bD82SmhbihnGCpOxsMNvqhL/gX4truY0cLZ3Qg23EbNK6z1RzJA20kyyEOKvl\nJmaOK4VFuHdcLxB35pTDPhVjPDUn4Y9QPZ5/5TKAlQlHmpomBX2J0L1N8SHdhbJ5\nkPGZHUC/VW4AW3zS69HrR8WoWfqJIr4cdEsHsmbffxjMvd6VGGh6vd/bqHo2GJ1p\no28OsQso31w+jLifd1QNLeC2Wvjr4bhepUWETCwUp56juoxeFk4vHgZKvBOXW/oN\n/ZFzIREkCyE0Dp69ZKiJlcBg2xL8wqF+6yjFU2DMu2D82uLukBMZfsLhHPzx4Cm7\nYCMAAAEBAP7FUwrbAKtXMd91CN6RLo+Mny/N//DhDDk1+ztCAULNe8JOpWB+DvjF\nfAkoAUoUlPLjc1VYa5AjFQSile420MsL2pePwpw+EqL4rkRX43U248px5p0/0qet\nM0jaZnqB3DmUoAGGFDft2OmjdVJAaTrBrfTF8UY3w2We2yWxBiCBY/c4vbl+U7K4\nINO92Tj9gnKkfnvGeHirsIGHkGnWZCmpx/zI5N3IvEDwk13aGK4neWZy9tb4sz8l\nsNmPJ1hkz1Av1FWx7DX+nGS/AQt1pt6LYaq3DpbKqFP3RLdMhkAs0GlJzbCaVxcb\ncTCOxrwX+jlicmr/i0mYVxWQH9r34y0AAAAAAQID\n-----END OPENSSH PRIVATE KEY-----\n",
            "private_key_pem": "-----BEGIN RSA PRIVATE KEY-----\nMIIJJwIBAAKCAgEA6vuaM886gu8Cm/WCrVmNYcYzBHKgmNCqyJ9hqqN7dlDDKSys\nalHc9IYzT9pYPxT/vGLJXXrpkAwibqL1rXbpPKeslPIUceddfqb4NdwWDY1apPIQ\npA4xL64UT91s/Oy/j43M1mi5fsf56zIL1ovZN6OKMQy12SeewWIIPeRPTqaMuCyZ\n9LYO63qQ/nIgRWIGvcKvo1xRCoOXcsJ+/pX0p3rk02oCto+mTQw3kc8LCW9d+PVs\nut1dxtlqhdmcAm06QAaYdEmmO69MXRe+xoSDRovcndwwtD5J6qZrvdxdrsK+kVwJ\nF/MUIB6rFZLRq/Xea37sah3zyQ1JqiCPmVqeWxdh7PPXLWadp74qjkka//HhEPSs\ncT8knGrMAg2CcGB6PMS4CvtmpqtRUbC55CfAMW2o3wIOB8frUBhlfJWNdk9aPLHq\nSFblwSLYvQOHZwUJN1RejTUWeLKypApyhvS4mdt6j0t+woH2sgn4Y7d/VaIYlE+X\nqgGKmZGAfR6Vc5wmU+R9YMy3IwZgMWk1WlNMkIqsOT+hVKRFIRoJGrsgPP3PVoVw\nLcG4Ip5tWmg2bQxNvT+tJAbh0HxgGQLst2wEWRvSCURXtEx4zXEX2EXEVLc5vORU\nzjOuN1o5x2GvITT1/Qr3ynFWAmzuF6EfBKxMwttZmbmx5ce94WVxTQvz7ycCAwEA\nAQKCAgAV4slB+hMhDtHXZM5/BtA8QxGNYH/Eu+qsNOwL0J43Lt5+f0KvxGAoBjfR\nQCzn8zS+fxTyN/h5CihK1bK8LU8b7yIL3WA6G6qBmVuU6KLFMF0477LNFOVP447Q\nwXbdN8+/tx1U+vwL6uREG60ulmfs3raISv7E8wO+TzslSJZ6ZNjGbqEIQcyx8gB/\nMnH/BFpMYk2pkXea2xbIAYWCgMUAtFmLt1v5VPfQRUsHsZj9j/nYrkMqRGPvmWBq\nhxIYx8OdIwAgFJv/AxzBrux94Om5MF2j9lYy83o++LEgRd4T4N+O+lt+d41wUGru\n33XX5laI/JFYcOG74Bj0V4QIbIBDHfnQjbNsXAOge0wQNWwdSXkMvtO5f9bx6Ynk\nnFtgUQ+ePTQ19EtVBXeY1w/Dq9CEh8o1NaM7PfAGu2sDGWBAzqyQaOI/G/10KRQy\naYEcF4MxURviniCmqTTnArTWr/YV9SrSw8+vouPlp7XHcp8fHaBHkr4Tsaf09UkR\nfh/Ge2TDMpB0K3kwoWUOYJiX1zwj7LXYmVoieDt84BV2yaIgVwICLyYO/iximRBj\n1D8a/qPltL6WGNQ0yEWV5clcnUi2zNWzZI6o2EkTQ/gBWsKrqHbDu/FZ9gsqknm7\nicCE05TDw96N40rtO0T6b4VuK5ix9BEAxPQ/wvlklUzkh8BmQQKCAQEA7B3WUteE\nU0PsWlMRQ8XDDtsPzZKaFuKGcYKk7Gww2+qEv+Bfi2u5jRwtndCDbcRs0rrPVHMk\nDbSTLIQ4q+UmZo4rhUW4d1wvEHfmlMM+FWM8NSfhj1A9nn/lMoCVCUeamiYFfYnQ\nvU3xId2FsnmQ8ZkdQL9VbgBbfNLr0etHxahZ+okivhx0SweyZt9/GMy93pUYaHq9\n39uoejYYnWmjbw6xCyjfXD6MuJ93VA0t4LZa+OvhuF6lRYRMLBSnnqO6jF4WTi8e\nBkq8E5db+g39kXMhESQLITQOnr1kqImVwGDbEvzCoX7rKMVTYMy7YPza4u6QExl+\nwuEc/PHgKbtgIwKCAQEA/sVTCtsAq1cx33UI3pEuj4yfL83/8OEMOTX7O0IBQs17\nwk6lYH4O+MV8CSgBShSU8uNzVVhrkCMVBKKV7jbQywval4/CnD4SoviuRFfjdTbj\nynHmnT/Sp60zSNpmeoHcOZSgAYYUN+3Y6aN1UkBpOsGt9MXxRjfDZZ7bJbEGIIFj\n9zi9uX5Tsrgg073ZOP2CcqR+e8Z4eKuwgYeQadZkKanH/Mjk3ci8QPCTXdoYrid5\nZnL21vizPyWw2Y8nWGTPUC/UVbHsNf6cZL8BC3Wm3othqrcOlsqoU/dEt0yGQCzQ\naUnNsJpXFxtxMI7GvBf6OWJyav+LSZhXFZAf2vfjLQKCAQArqnjwaRr3qyAStDoF\nJpWkMa8CfZIxmULzyw1lC70dbomOUphY2FtAVW26Oc2Uhzb44cNmAsUwI6z0Fp/E\namRnovM5emNa75lkmkfySwk4O1nvGqkEL/q1TUG9zTnCtZNJ3q41QT9xQvDNKoKH\nNyQvCfn292t9JGPG+drSv4hObYv2YVYjgm+fUJUVoU+H7pVOjJQu/kQPGjhWIZr7\nwYWQDE+BmNV14bt0iUkwKh/J5u98CWN9DUPTT1wm6sr086KUQvItE1miIEAX/23r\nGJtEQt5ipR/JzC7H/I6Y/JjNMxxQrp3v7+DdcWCyDiq5DQoN3cCXR6fBspAB11l1\nXkmxAoIBAATf9bTRd/PPWU7zSFYp5QAuKqWZhXowdDFsDQCXRLrof6O6KYPtJZAx\nByyNrWijeC4lmAFcDcLWSQKrsb67Iceg1G/t+kVPEsA3je4U2G9Xu4gWIdmEbR10\nPPT56NgTQAmCBIXC8QQY8vuVexs1zE2pgxCZ8QHs8zowjfTsrDdXAniqh0bTWfqj\nd01V5qAmiaZz60+m/osgjeIMnADKb2Q0sXTuyyJLQv7jG47CK5K5gqMpM/vtClD9\nAaNID/KrCyR3pdJ18xUdaBStavGzMJw1gornscnE2u+wXYo8Vp1Hvj0lgmAMs/nn\nNoU9ViQnOUx7y8CsXxfraE8rUNC5yYkCggEAHQW+NkTb+5E3TBACoxt4YwwS4Cxn\nCqEzUKcv87A9eHV4lbteuUw/fik2j1op67kaea7dRohH2YMd5Z4JIQo14hokXIFE\nLfh9OZBXK0PUozLE66voOzwb/+2oyU0mpR+Ha40IiVRDuu2EBMvsZlCytpf+LQ8E\ncyz6VrWQerC3b/ou11MuRecE1mpjHw0Yp1/Q+cEXr5xbG/g6aMsdB2OqmDdugYF+\nqc1CwHwdZIEH4waYOl+9ETEMNN5IqOs9yapl6/U9GJ7zImZ+Pb1nQeq80SYlK87s\n7emiGeA3jgMAbF2a6BBBOcGit6ge6TcSPcEMHhb9GUKykznbJ6j5M/Fu7g==\n-----END RSA PRIVATE KEY-----\n",
            "private_key_pem_pkcs8": "-----BEGIN PRIVATE KEY-----\nMIIJQQIBADANBgkqhkiG9w0BAQEFAASCCSswggknAgEAAoICAQDq+5ozzzqC7wKb\n9YKtWY1hxjMEcqCY0KrIn2Gqo3t2UMMpLKxqUdz0hjNP2lg/FP+8YsldeumQDCJu\novWtduk8p6yU8hRx511+pvg13BYNjVqk8hCkDjEvrhRP3Wz87L+PjczWaLl+x/nr\nMgvWi9k3o4oxDLXZJ57BYgg95E9Opoy4LJn0tg7repD+ciBFYga9wq+jXFEKg5dy\nwn7+lfSneuTTagK2j6ZNDDeRzwsJb1349Wy63V3G2WqF2ZwCbTpABph0SaY7r0xd\nF77GhINGi9yd3DC0Pknqpmu93F2uwr6RXAkX8xQgHqsVktGr9d5rfuxqHfPJDUmq\nII+ZWp5bF2Hs89ctZp2nviqOSRr/8eEQ9KxxPyScaswCDYJwYHo8xLgK+2amq1FR\nsLnkJ8AxbajfAg4Hx+tQGGV8lY12T1o8sepIVuXBIti9A4dnBQk3VF6NNRZ4srKk\nCnKG9LiZ23qPS37CgfayCfhjt39VohiUT5eqAYqZkYB9HpVznCZT5H1gzLcjBmAx\naTVaU0yQiqw5P6FUpEUhGgkauyA8/c9WhXAtwbginm1aaDZtDE29P60kBuHQfGAZ\nAuy3bARZG9IJRFe0THjNcRfYRcRUtzm85FTOM643WjnHYa8hNPX9CvfKcVYCbO4X\noR8ErEzC21mZubHlx73hZXFNC/PvJwIDAQABAoICABXiyUH6EyEO0ddkzn8G0DxD\nEY1gf8S76qw07AvQnjcu3n5/Qq/EYCgGN9FALOfzNL5/FPI3+HkKKErVsrwtTxvv\nIgvdYDobqoGZW5ToosUwXTjvss0U5U/jjtDBdt03z7+3HVT6/Avq5EQbrS6WZ+ze\ntohK/sTzA75POyVIlnpk2MZuoQhBzLHyAH8ycf8EWkxiTamRd5rbFsgBhYKAxQC0\nWYu3W/lU99BFSwexmP2P+diuQypEY++ZYGqHEhjHw50jACAUm/8DHMGu7H3g6bkw\nXaP2VjLzej74sSBF3hPg3476W353jXBQau7fddfmVoj8kVhw4bvgGPRXhAhsgEMd\n+dCNs2xcA6B7TBA1bB1JeQy+07l/1vHpieScW2BRD549NDX0S1UFd5jXD8Or0ISH\nyjU1ozs98Aa7awMZYEDOrJBo4j8b/XQpFDJpgRwXgzFRG+KeIKapNOcCtNav9hX1\nKtLDz6+i4+Wntcdynx8doEeSvhOxp/T1SRF+H8Z7ZMMykHQreTChZQ5gmJfXPCPs\ntdiZWiJ4O3zgFXbJoiBXAgIvJg7+LGKZEGPUPxr+o+W0vpYY1DTIRZXlyVydSLbM\n1bNkjqjYSRND+AFawquodsO78Vn2CyqSebuJwITTlMPD3o3jSu07RPpvhW4rmLH0\nEQDE9D/C+WSVTOSHwGZBAoIBAQDsHdZS14RTQ+xaUxFDxcMO2w/NkpoW4oZxgqTs\nbDDb6oS/4F+La7mNHC2d0INtxGzSus9UcyQNtJMshDir5SZmjiuFRbh3XC8Qd+aU\nwz4VYzw1J+GPUD2ef+UygJUJR5qaJgV9idC9TfEh3YWyeZDxmR1Av1VuAFt80uvR\n60fFqFn6iSK+HHRLB7Jm338YzL3elRhoer3f26h6NhidaaNvDrELKN9cPoy4n3dU\nDS3gtlr46+G4XqVFhEwsFKeeo7qMXhZOLx4GSrwTl1v6Df2RcyERJAshNA6evWSo\niZXAYNsS/MKhfusoxVNgzLtg/Nri7pATGX7C4Rz88eApu2AjAoIBAQD+xVMK2wCr\nVzHfdQjekS6PjJ8vzf/w4Qw5Nfs7QgFCzXvCTqVgfg74xXwJKAFKFJTy43NVWGuQ\nIxUEopXuNtDLC9qXj8KcPhKi+K5EV+N1NuPKceadP9KnrTNI2mZ6gdw5lKABhhQ3\n7djpo3VSQGk6wa30xfFGN8NlntslsQYggWP3OL25flOyuCDTvdk4/YJypH57xnh4\nq7CBh5Bp1mQpqcf8yOTdyLxA8JNd2hiuJ3lmcvbW+LM/JbDZjydYZM9QL9RVsew1\n/pxkvwELdabei2Gqtw6WyqhT90S3TIZALNBpSc2wmlcXG3Ewjsa8F/o5YnJq/4tJ\nmFcVkB/a9+MtAoIBACuqePBpGverIBK0OgUmlaQxrwJ9kjGZQvPLDWULvR1uiY5S\nmFjYW0BVbbo5zZSHNvjhw2YCxTAjrPQWn8RqZGei8zl6Y1rvmWSaR/JLCTg7We8a\nqQQv+rVNQb3NOcK1k0nerjVBP3FC8M0qgoc3JC8J+fb3a30kY8b52tK/iE5ti/Zh\nViOCb59QlRWhT4fulU6MlC7+RA8aOFYhmvvBhZAMT4GY1XXhu3SJSTAqH8nm73wJ\nY30NQ9NPXCbqyvTzopRC8i0TWaIgQBf/besYm0RC3mKlH8nMLsf8jpj8mM0zHFCu\nne/v4N1xYLIOKrkNCg3dwJdHp8GykAHXWXVeSbECggEABN/1tNF3889ZTvNIVinl\nAC4qpZmFejB0MWwNAJdEuuh/o7opg+0lkDEHLI2taKN4LiWYAVwNwtZJAquxvrsh\nx6DUb+36RU8SwDeN7hTYb1e7iBYh2YRtHXQ89Pno2BNACYIEhcLxBBjy+5V7GzXM\nTamDEJnxAezzOjCN9OysN1cCeKqHRtNZ+qN3TVXmoCaJpnPrT6b+iyCN4gycAMpv\nZDSxdO7LIktC/uMbjsIrkrmCoykz++0KUP0Bo0gP8qsLJHel0nXzFR1oFK1q8bMw\nnDWCiuexycTa77BdijxWnUe+PSWCYAyz+ec2hT1WJCc5THvLwKxfF+toTytQ0LnJ\niQKCAQAdBb42RNv7kTdMEAKjG3hjDBLgLGcKoTNQpy/zsD14dXiVu165TD9+KTaP\nWinruRp5rt1GiEfZgx3lngkhCjXiGiRcgUQt+H05kFcrQ9SjMsTrq+g7PBv/7ajJ\nTSalH4drjQiJVEO67YQEy+xmULK2l/4tDwRzLPpWtZB6sLdv+i7XUy5F5wTWamMf\nDRinX9D5wRevnFsb+Dpoyx0HY6qYN26BgX6pzULAfB1kgQfjBpg6X70RMQw03kio\n6z3JqmXr9T0YnvMiZn49vWdB6rzRJiUrzuzt6aIZ4DeOAwBsXZroEEE5waK3qB7p\nNxI9wQweFv0ZQrKTOdsnqPkz8W7u\n-----END PRIVATE KEY-----\n",
            "public_key_fingerprint_md5": "46:e0:88:21:fc:5d:82:1f:07:a4:5c:8d:21:6d:fb:85",
            "public_key_fingerprint_sha256": "SHA256:B+SzM3dq7+uaiCmd7k4VvXSWUMp3kQh9cFU93B1GHAE",
            "public_key_openssh": "ssh-rsa AAAAB3NzaC1yc2EAAAADAQABAAACAQDq+5ozzzqC7wKb9YKtWY1hxjMEcqCY0KrIn2Gqo3t2UMMpLKxqUdz0hjNP2lg/FP+8YsldeumQDCJuovWtduk8p6yU8hRx511+pvg13BYNjVqk8hCkDjEvrhRP3Wz87L+PjczWaLl+x/nrMgvWi9k3o4oxDLXZJ57BYgg95E9Opoy4LJn0tg7repD+ciBFYga9wq+jXFEKg5dywn7+lfSneuTTagK2j6ZNDDeRzwsJb1349Wy63V3G2WqF2ZwCbTpABph0SaY7r0xdF77GhINGi9yd3DC0Pknqpmu93F2uwr6RXAkX8xQgHqsVktGr9d5rfuxqHfPJDUmqII+ZWp5bF2Hs89ctZp2nviqOSRr/8eEQ9KxxPyScaswCDYJwYHo8xLgK+2amq1FRsLnkJ8AxbajfAg4Hx+tQGGV8lY12T1o8sepIVuXBIti9A4dnBQk3VF6NNRZ4srKkCnKG9LiZ23qPS37CgfayCfhjt39VohiUT5eqAYqZkYB9HpVznCZT5H1gzLcjBmAxaTVaU0yQiqw5P6FUpEUhGgkauyA8/c9WhXAtwbginm1aaDZtDE29P60kBuHQfGAZAuy3bARZG9IJRFe0THjNcRfYRcRUtzm85FTOM643WjnHYa8hNPX9CvfKcVYCbO4XoR8ErEzC21mZubHlx73hZXFNC/PvJw==\n",
            "public_key_pem": "-----BEGIN PUBLIC KEY-----\nMIICIjANBgkqhkiG9w0BAQEFAAOCAg8AMIICCgKCAgEA6vuaM886gu8Cm/WCrVmN\nYcYzBHKgmNCqyJ9hqqN7dlDDKSysalHc9IYzT9pYPxT/vGLJXXrpkAwibqL1rXbp\nPKeslPIUceddfqb4NdwWDY1apPIQpA4xL64UT91s/Oy/j43M1mi5fsf56zIL1ovZ\nN6OKMQy12SeewWIIPeRPTqaMuCyZ9LYO63qQ/nIgRWIGvcKvo1xRCoOXcsJ+/pX0\np3rk02oCto+mTQw3kc8LCW9d+PVsut1dxtlqhdmcAm06QAaYdEmmO69MXRe+xoSD\nRovcndwwtD5J6qZrvdxdrsK+kVwJF/MUIB6rFZLRq/Xea37sah3zyQ1JqiCPmVqe\nWxdh7PPXLWadp74qjkka//HhEPSscT8knGrMAg2CcGB6PMS4CvtmpqtRUbC55CfA\nMW2o3wIOB8frUBhlfJWNdk9aPLHqSFblwSLYvQOHZwUJN1RejTUWeLKypApyhvS4\nmdt6j0t+woH2sgn4Y7d/VaIYlE+XqgGKmZGAfR6Vc5wmU+R9YMy3IwZgMWk1WlNM\nkIqsOT+hVKRFIRoJGrsgPP3PVoVwLcG4Ip5tWmg2bQxNvT+tJAbh0HxgGQLst2wE\nWRvSCURXtEx4zXEX2EXEVLc5vORUzjOuN1o5x2GvITT1/Qr3ynFWAmzuF6EfBKxM\nwttZmbmx5ce94WVxTQvz7ycCAwEAAQ==\n-----END PUBLIC KEY-----\n",
            "rsa_bits": 4096
          },
          "sensitive_attributes": []
        }
      ]
    },
    {
      "module": "module.my_ec2",
      "mode": "managed",
      "type": "aws_instance",
      "name": "this",
      "provider": "provider[\"registry.terraform.io/hashicorp/aws\"]",
      "instances": [
        {
          "schema_version": 1,
          "attributes": {
            "ami": "ami-0e35ddab05955cf57",
            "arn": "arn:aws:ec2:ap-south-1:440744256104:instance/i-0307b98d61daa8232",
            "associate_public_ip_address": true,
            "availability_zone": "ap-south-1a",
            "capacity_reservation_specification": [
              {
                "capacity_reservation_preference": "open",
                "capacity_reservation_target": []
              }
            ],
            "cpu_core_count": 1,
            "cpu_options": [
              {
                "amd_sev_snp": "",
                "core_count": 1,
                "threads_per_core": 1
              }
            ],
            "cpu_threads_per_core": 1,
            "credit_specification": [
              {
                "cpu_credits": "standard"
              }
            ],
            "disable_api_stop": false,
            "disable_api_termination": false,
            "ebs_block_device": [],
            "ebs_optimized": false,
            "enable_primary_ipv6": null,
            "enclave_options": [
              {
                "enabled": false
              }
            ],
            "ephemeral_block_device": [],
            "get_password_data": false,
            "hibernation": false,
            "host_id": "",
            "host_resource_group_arn": null,
            "iam_instance_profile": "",
            "id": "i-0307b98d61daa8232",
            "instance_initiated_shutdown_behavior": "stop",
            "instance_lifecycle": "",
            "instance_market_options": [],
            "instance_state": "running",
            "instance_type": "t2.micro",
            "ipv6_address_count": 0,
            "ipv6_addresses": [],
            "key_name": "jenkins-server-key",
            "launch_template": [],
            "maintenance_options": [
              {
                "auto_recovery": "default"
              }
            ],
            "metadata_options": [
              {
                "http_endpoint": "enabled",
                "http_protocol_ipv6": "disabled",
                "http_put_response_hop_limit": 2,
                "http_tokens": "required",
                "instance_metadata_tags": "disabled"
              }
            ],
            "monitoring": false,
            "network_interface": [],
            "outpost_arn": "",
            "password_data": "",
            "placement_group": "",
            "placement_partition_number": 0,
            "primary_network_interface_id": "eni-03026a7ee01adf2f1",
            "private_dns": "ip-172-31-45-17.ap-south-1.compute.internal",
            "private_dns_name_options": [
              {
                "enable_resource_name_dns_a_record": false,
                "enable_resource_name_dns_aaaa_record": false,
                "hostname_type": "ip-name"
              }
            ],
            "private_ip": "172.31.45.17",
            "public_dns": "ec2-13-233-77-52.ap-south-1.compute.amazonaws.com",
            "public_ip": "13.233.77.52",
            "root_block_device": [
              {
                "delete_on_termination": true,
                "device_name": "/dev/sda1",
                "encrypted": false,
                "iops": 3000,
                "kms_key_id": "",
                "tags": null,
                "tags_all": {},
                "throughput": 125,
                "volume_id": "vol-0bc371e8382fcc905",
                "volume_size": 10,
                "volume_type": "gp3"
              }
            ],
            "secondary_private_ips": [],
            "security_groups": [
              "jenkins-sg"
            ],
            "source_dest_check": true,
            "spot_instance_request_id": "",
            "subnet_id": "subnet-098751e5b3358bc56",
            "tags": {
              "Name": "Jenkins-Server"
            },
            "tags_all": {
              "Name": "Jenkins-Server"
            },
            "tenancy": "default",
            "timeouts": null,
            "user_data": null,
            "user_data_base64": null,
            "user_data_replace_on_change": false,
            "volume_tags": null,
            "vpc_security_group_ids": [
              "sg-006ec26fc025b2d02"
            ]
          },
          "sensitive_attributes": [],
          "private": "eyJlMmJmYjczMC1lY2FhLTExZTYtOGY4OC0zNDM2M2JjN2M0YzAiOnsiY3JlYXRlIjo2MDAwMDAwMDAwMDAsImRlbGV0ZSI6MTIwMDAwMDAwMDAwMCwicmVhZCI6OTAwMDAwMDAwMDAwLCJ1cGRhdGUiOjYwMDAwMDAwMDAwMH0sInNjaGVtYV92ZXJzaW9uIjoiMSJ9",
          "dependencies": [
            "module.securitygroup.aws_security_group.this"
          ]
        }
      ]
    },
    {
      "module": "module.securitygroup",
      "mode": "managed",
      "type": "aws_security_group",
      "name": "this",
      "provider": "provider[\"registry.terraform.io/hashicorp/aws\"]",
      "instances": [
        {
          "schema_version": 1,
          "attributes": {
            "arn": "arn:aws:ec2:ap-south-1:440744256104:security-group/sg-006ec26fc025b2d02",
            "description": "Security group for jenkins access",
            "egress": [],
            "id": "sg-006ec26fc025b2d02",
            "ingress": [],
            "name": "jenkins-sg",
            "name_prefix": "",
            "owner_id": "440744256104",
            "revoke_rules_on_delete": false,
            "tags": {
              "Name": "jenkins-sg"
            },
            "tags_all": {
              "Name": "jenkins-sg"
            },
            "timeouts": null,
            "vpc_id": "vpc-08994501439557c27"
          },
          "sensitive_attributes": [],
          "private": "eyJlMmJmYjczMC1lY2FhLTExZTYtOGY4OC0zNDM2M2JjN2M0YzAiOnsiY3JlYXRlIjo2MDAwMDAwMDAwMDAsImRlbGV0ZSI6OTAwMDAwMDAwMDAwfSwic2NoZW1hX3ZlcnNpb24iOiIxIn0="
        }
      ]
    },
    {
      "module": "module.securitygroup",
      "mode": "managed",
      "type": "aws_security_group_rule",
      "name": "egress",
      "provider": "provider[\"registry.terraform.io/hashicorp/aws\"]",
      "instances": [
        {
          "index_key": "0",
          "schema_version": 2,
          "attributes": {
            "cidr_blocks": [
              "0.0.0.0/0"
            ],
            "description": "Allow all outbound",
            "from_port": 0,
            "id": "sgrule-779639242",
            "ipv6_cidr_blocks": [
              "::/0"
            ],
            "prefix_list_ids": null,
            "protocol": "-1",
            "security_group_id": "sg-006ec26fc025b2d02",
            "security_group_rule_id": "",
            "self": false,
            "source_security_group_id": null,
            "timeouts": null,
            "to_port": 0,
            "type": "egress"
          },
          "sensitive_attributes": [],
          "private": "eyJlMmJmYjczMC1lY2FhLTExZTYtOGY4OC0zNDM2M2JjN2M0YzAiOnsiY3JlYXRlIjozMDAwMDAwMDAwMDB9LCJzY2hlbWFfdmVyc2lvbiI6IjIifQ==",
          "dependencies": [
            "module.securitygroup.aws_security_group.this"
          ]
        }
      ]
    },
    {
      "module": "module.securitygroup",
      "mode": "managed",
      "type": "aws_security_group_rule",
      "name": "ingress",
      "provider": "provider[\"registry.terraform.io/hashicorp/aws\"]",
      "instances": [
        {
          "index_key": "0",
          "schema_version": 2,
          "attributes": {
            "cidr_blocks": [
              "0.0.0.0/0"
            ],
            "description": "Allow HTTP",
            "from_port": 80,
            "id": "sgrule-3584197572",
            "ipv6_cidr_blocks": [],
            "prefix_list_ids": null,
            "protocol": "tcp",
            "security_group_id": "sg-006ec26fc025b2d02",
            "security_group_rule_id": "sgr-0201c32c98c2513fd",
            "self": false,
            "source_security_group_id": null,
            "timeouts": null,
            "to_port": 80,
            "type": "ingress"
          },
          "sensitive_attributes": [],
          "private": "eyJlMmJmYjczMC1lY2FhLTExZTYtOGY4OC0zNDM2M2JjN2M0YzAiOnsiY3JlYXRlIjozMDAwMDAwMDAwMDB9LCJzY2hlbWFfdmVyc2lvbiI6IjIifQ==",
          "dependencies": [
            "module.securitygroup.aws_security_group.this"
          ]
        },
        {
          "index_key": "1",
          "schema_version": 2,
          "attributes": {
            "cidr_blocks": [
              "0.0.0.0/0"
            ],
            "description": "Allow Jenkins",
            "from_port": 8080,
            "id": "sgrule-2783529004",
            "ipv6_cidr_blocks": [],
            "prefix_list_ids": null,
            "protocol": "tcp",
            "security_group_id": "sg-006ec26fc025b2d02",
            "security_group_rule_id": "sgr-01aa849cd0c634c95",
            "self": false,
            "source_security_group_id": null,
            "timeouts": null,
            "to_port": 8080,
            "type": "ingress"
          },
          "sensitive_attributes": [],
          "private": "eyJlMmJmYjczMC1lY2FhLTExZTYtOGY4OC0zNDM2M2JjN2M0YzAiOnsiY3JlYXRlIjozMDAwMDAwMDAwMDB9LCJzY2hlbWFfdmVyc2lvbiI6IjIifQ==",
          "dependencies": [
            "module.securitygroup.aws_security_group.this"
          ]
        },
        {
          "index_key": "2",
          "schema_version": 2,
          "attributes": {
            "cidr_blocks": [
              "0.0.0.0/0"
            ],
            "description": "Allow SSH",
            "from_port": 22,
            "id": "sgrule-1663622769",
            "ipv6_cidr_blocks": [],
            "prefix_list_ids": null,
            "protocol": "tcp",
            "security_group_id": "sg-006ec26fc025b2d02",
            "security_group_rule_id": "sgr-06481bcade2196edf",
            "self": false,
            "source_security_group_id": null,
            "timeouts": null,
            "to_port": 22,
            "type": "ingress"
          },
          "sensitive_attributes": [],
          "private": "eyJlMmJmYjczMC1lY2FhLTExZTYtOGY4OC0zNDM2M2JjN2M0YzAiOnsiY3JlYXRlIjozMDAwMDAwMDAwMDB9LCJzY2hlbWFfdmVyc2lvbiI6IjIifQ==",
          "dependencies": [
            "module.securitygroup.aws_security_group.this"
          ]
        }
      ]
    }
  ],
  "check_results": [
    {
      "object_kind": "resource",
      "config_addr": "module.eks_cluster.module.eks.module.self_managed_node_group.module.user_data.null_resource.validate_cluster_service_cidr",
      "status": "pass",
      "objects": null
    },
    {
      "object_kind": "resource",
      "config_addr": "module.eks_cluster.module.eks.module.eks_managed_node_group.module.user_data.null_resource.validate_cluster_service_cidr",
      "status": "pass",
      "objects": [
        {
          "object_addr": "module.eks_cluster.module.eks.module.eks_managed_node_group[\"default\"].module.user_data.null_resource.validate_cluster_service_cidr",
          "status": "pass"
        }
      ]
    }
  ]
}
